// !$*UTF8*$!
{
	archiveVersion = 1;
	classes = {
	};
	objectVersion = 56;
	objects = {

/* Begin PBXBuildFile section */
		28CA241B298AA4E6006F4242 /* AppDelegate.swift in Sources */ = {isa = PBXBuildFile; fileRef = 28CA241A298AA4E6006F4242 /* AppDelegate.swift */; };
		28CA241D298AA4E6006F4242 /* SceneDelegate.swift in Sources */ = {isa = PBXBuildFile; fileRef = 28CA241C298AA4E6006F4242 /* SceneDelegate.swift */; };
		28CA2422298AA4E6006F4242 /* Main.storyboard in Resources */ = {isa = PBXBuildFile; fileRef = 28CA2420298AA4E6006F4242 /* Main.storyboard */; };
		28CA2424298AA4E6006F4242 /* Assets.xcassets in Resources */ = {isa = PBXBuildFile; fileRef = 28CA2423298AA4E6006F4242 /* Assets.xcassets */; };
		28CA2427298AA4E6006F4242 /* LaunchScreen.storyboard in Resources */ = {isa = PBXBuildFile; fileRef = 28CA2425298AA4E6006F4242 /* LaunchScreen.storyboard */; };
		28CA2432298AA4E6006F4242 /* INUWalletTests.swift in Sources */ = {isa = PBXBuildFile; fileRef = 28CA2431298AA4E6006F4242 /* INUWalletTests.swift */; };
		28CA243C298AA4E7006F4242 /* INUWalletUITests.swift in Sources */ = {isa = PBXBuildFile; fileRef = 28CA243B298AA4E7006F4242 /* INUWalletUITests.swift */; };
		28CA243E298AA4E7006F4242 /* INUWalletUITestsLaunchTests.swift in Sources */ = {isa = PBXBuildFile; fileRef = 28CA243D298AA4E7006F4242 /* INUWalletUITestsLaunchTests.swift */; };
/* End PBXBuildFile section */

/* Begin PBXContainerItemProxy section */
		28CA242E298AA4E6006F4242 /* PBXContainerItemProxy */ = {
			isa = PBXContainerItemProxy;
			containerPortal = 28CA240F298AA4E6006F4242 /* Project object */;
			proxyType = 1;
			remoteGlobalIDString = 28CA2416298AA4E6006F4242;
			remoteInfo = INUWallet;
		};
		28CA2438298AA4E7006F4242 /* PBXContainerItemProxy */ = {
			isa = PBXContainerItemProxy;
			containerPortal = 28CA240F298AA4E6006F4242 /* Project object */;
			proxyType = 1;
			remoteGlobalIDString = 28CA2416298AA4E6006F4242;
			remoteInfo = INUWallet;
		};
/* End PBXContainerItemProxy section */

/* Begin PBXFileReference section */
		28CA2417298AA4E6006F4242 /* INUWallet.app */ = {isa = PBXFileReference; explicitFileType = wrapper.application; includeInIndex = 0; path = INUWallet.app; sourceTree = BUILT_PRODUCTS_DIR; };
		28CA241A298AA4E6006F4242 /* AppDelegate.swift */ = {isa = PBXFileReference; lastKnownFileType = sourcecode.swift; path = AppDelegate.swift; sourceTree = "<group>"; };
		28CA241C298AA4E6006F4242 /* SceneDelegate.swift */ = {isa = PBXFileReference; lastKnownFileType = sourcecode.swift; path = SceneDelegate.swift; sourceTree = "<group>"; };
		28CA2421298AA4E6006F4242 /* Base */ = {isa = PBXFileReference; lastKnownFileType = file.storyboard; name = Base; path = Base.lproj/Main.storyboard; sourceTree = "<group>"; };
		28CA2423298AA4E6006F4242 /* Assets.xcassets */ = {isa = PBXFileReference; lastKnownFileType = folder.assetcatalog; path = Assets.xcassets; sourceTree = "<group>"; };
		28CA2426298AA4E6006F4242 /* Base */ = {isa = PBXFileReference; lastKnownFileType = file.storyboard; name = Base; path = Base.lproj/LaunchScreen.storyboard; sourceTree = "<group>"; };
		28CA2428298AA4E6006F4242 /* Info.plist */ = {isa = PBXFileReference; lastKnownFileType = text.plist.xml; path = Info.plist; sourceTree = "<group>"; };
		28CA242D298AA4E6006F4242 /* INUWalletTests.xctest */ = {isa = PBXFileReference; explicitFileType = wrapper.cfbundle; includeInIndex = 0; path = INUWalletTests.xctest; sourceTree = BUILT_PRODUCTS_DIR; };
		28CA2431298AA4E6006F4242 /* INUWalletTests.swift */ = {isa = PBXFileReference; lastKnownFileType = sourcecode.swift; path = INUWalletTests.swift; sourceTree = "<group>"; };
		28CA2437298AA4E7006F4242 /* INUWalletUITests.xctest */ = {isa = PBXFileReference; explicitFileType = wrapper.cfbundle; includeInIndex = 0; path = INUWalletUITests.xctest; sourceTree = BUILT_PRODUCTS_DIR; };
		28CA243B298AA4E7006F4242 /* INUWalletUITests.swift */ = {isa = PBXFileReference; lastKnownFileType = sourcecode.swift; path = INUWalletUITests.swift; sourceTree = "<group>"; };
		28CA243D298AA4E7006F4242 /* INUWalletUITestsLaunchTests.swift */ = {isa = PBXFileReference; lastKnownFileType = sourcecode.swift; path = INUWalletUITestsLaunchTests.swift; sourceTree = "<group>"; };
/* End PBXFileReference section */

/* Begin PBXFrameworksBuildPhase section */
		28CA2414298AA4E6006F4242 /* Frameworks */ = {
			isa = PBXFrameworksBuildPhase;
			buildActionMask = 2147483647;
			files = (
			);
			runOnlyForDeploymentPostprocessing = 0;
		};
		28CA242A298AA4E6006F4242 /* Frameworks */ = {
			isa = PBXFrameworksBuildPhase;
			buildActionMask = 2147483647;
			files = (
			);
			runOnlyForDeploymentPostprocessing = 0;
		};
		28CA2434298AA4E7006F4242 /* Frameworks */ = {
			isa = PBXFrameworksBuildPhase;
			buildActionMask = 2147483647;
			files = (
			);
			runOnlyForDeploymentPostprocessing = 0;
		};
/* End PBXFrameworksBuildPhase section */

/* Begin PBXGroup section */
		28CA240E298AA4E6006F4242 = {
			isa = PBXGroup;
			children = (
				28CA2419298AA4E6006F4242 /* INUWallet */,
				28CA2430298AA4E6006F4242 /* INUWalletTests */,
				28CA243A298AA4E7006F4242 /* INUWalletUITests */,
				28CA2418298AA4E6006F4242 /* Products */,
			);
			sourceTree = "<group>";
		};
		28CA2418298AA4E6006F4242 /* Products */ = {
			isa = PBXGroup;
			children = (
				28CA2417298AA4E6006F4242 /* INUWallet.app */,
				28CA242D298AA4E6006F4242 /* INUWalletTests.xctest */,
				28CA2437298AA4E7006F4242 /* INUWalletUITests.xctest */,
			);
			name = Products;
			sourceTree = "<group>";
		};
		28CA2419298AA4E6006F4242 /* INUWallet */ = {
			isa = PBXGroup;
			children = (
				28CA244A298AA548006F4242 /* Resources */,
				28CA244B298AA563006F4242 /* Models */,
				28CA244C298AA572006F4242 /* Views */,
				28CA244E298AA651006F4242 /* Controllers */,
				28CA2428298AA4E6006F4242 /* Info.plist */,
			);
			path = INUWallet;
			sourceTree = "<group>";
		};
		28CA2430298AA4E6006F4242 /* INUWalletTests */ = {
			isa = PBXGroup;
			children = (
				28CA2431298AA4E6006F4242 /* INUWalletTests.swift */,
			);
			path = INUWalletTests;
			sourceTree = "<group>";
		};
		28CA243A298AA4E7006F4242 /* INUWalletUITests */ = {
			isa = PBXGroup;
			children = (
				28CA243B298AA4E7006F4242 /* INUWalletUITests.swift */,
				28CA243D298AA4E7006F4242 /* INUWalletUITestsLaunchTests.swift */,
			);
			path = INUWalletUITests;
			sourceTree = "<group>";
		};
		28CA244A298AA548006F4242 /* Resources */ = {
			isa = PBXGroup;
			children = (
				28CA241A298AA4E6006F4242 /* AppDelegate.swift */,
				28CA241C298AA4E6006F4242 /* SceneDelegate.swift */,
			);
			path = Resources;
			sourceTree = "<group>";
		};
		28CA244B298AA563006F4242 /* Models */ = {
			isa = PBXGroup;
			children = (
			);
			path = Models;
			sourceTree = "<group>";
		};
		28CA244C298AA572006F4242 /* Views */ = {
			isa = PBXGroup;
			children = (
				28CA244D298AA62E006F4242 /* Storyboards */,
			);
			path = Views;
			sourceTree = "<group>";
		};
		28CA244D298AA62E006F4242 /* Storyboards */ = {
			isa = PBXGroup;
			children = (
				28CA2423298AA4E6006F4242 /* Assets.xcassets */,
				28CA2420298AA4E6006F4242 /* Main.storyboard */,
				28CA2425298AA4E6006F4242 /* LaunchScreen.storyboard */,
			);
			path = Storyboards;
			sourceTree = "<group>";
		};
		28CA244E298AA651006F4242 /* Controllers */ = {
			isa = PBXGroup;
			children = (
			);
			path = Controllers;
			sourceTree = "<group>";
		};
/* End PBXGroup section */

/* Begin PBXNativeTarget section */
		28CA2416298AA4E6006F4242 /* INUWallet */ = {
			isa = PBXNativeTarget;
			buildConfigurationList = 28CA2441298AA4E7006F4242 /* Build configuration list for PBXNativeTarget "INUWallet" */;
			buildPhases = (
				28CA2413298AA4E6006F4242 /* Sources */,
				28CA2414298AA4E6006F4242 /* Frameworks */,
				28CA2415298AA4E6006F4242 /* Resources */,
			);
			buildRules = (
			);
			dependencies = (
			);
			name = INUWallet;
			productName = INUWallet;
			productReference = 28CA2417298AA4E6006F4242 /* INUWallet.app */;
			productType = "com.apple.product-type.application";
		};
		28CA242C298AA4E6006F4242 /* INUWalletTests */ = {
			isa = PBXNativeTarget;
			buildConfigurationList = 28CA2444298AA4E7006F4242 /* Build configuration list for PBXNativeTarget "INUWalletTests" */;
			buildPhases = (
				28CA2429298AA4E6006F4242 /* Sources */,
				28CA242A298AA4E6006F4242 /* Frameworks */,
				28CA242B298AA4E6006F4242 /* Resources */,
			);
			buildRules = (
			);
			dependencies = (
				28CA242F298AA4E6006F4242 /* PBXTargetDependency */,
			);
			name = INUWalletTests;
			productName = INUWalletTests;
			productReference = 28CA242D298AA4E6006F4242 /* INUWalletTests.xctest */;
			productType = "com.apple.product-type.bundle.unit-test";
		};
		28CA2436298AA4E7006F4242 /* INUWalletUITests */ = {
			isa = PBXNativeTarget;
			buildConfigurationList = 28CA2447298AA4E7006F4242 /* Build configuration list for PBXNativeTarget "INUWalletUITests" */;
			buildPhases = (
				28CA2433298AA4E7006F4242 /* Sources */,
				28CA2434298AA4E7006F4242 /* Frameworks */,
				28CA2435298AA4E7006F4242 /* Resources */,
			);
			buildRules = (
			);
			dependencies = (
				28CA2439298AA4E7006F4242 /* PBXTargetDependency */,
			);
			name = INUWalletUITests;
			productName = INUWalletUITests;
			productReference = 28CA2437298AA4E7006F4242 /* INUWalletUITests.xctest */;
			productType = "com.apple.product-type.bundle.ui-testing";
		};
/* End PBXNativeTarget section */

/* Begin PBXProject section */
		28CA240F298AA4E6006F4242 /* Project object */ = {
			isa = PBXProject;
			attributes = {
				BuildIndependentTargetsInParallel = 1;
				LastSwiftUpdateCheck = 1420;
				LastUpgradeCheck = 1420;
				TargetAttributes = {
					28CA2416298AA4E6006F4242 = {
						CreatedOnToolsVersion = 14.2;
					};
					28CA242C298AA4E6006F4242 = {
						CreatedOnToolsVersion = 14.2;
						TestTargetID = 28CA2416298AA4E6006F4242;
					};
					28CA2436298AA4E7006F4242 = {
						CreatedOnToolsVersion = 14.2;
						TestTargetID = 28CA2416298AA4E6006F4242;
					};
				};
			};
			buildConfigurationList = 28CA2412298AA4E6006F4242 /* Build configuration list for PBXProject "INUWallet" */;
			compatibilityVersion = "Xcode 14.0";
			developmentRegion = en;
			hasScannedForEncodings = 0;
			knownRegions = (
				en,
				Base,
			);
			mainGroup = 28CA240E298AA4E6006F4242;
			productRefGroup = 28CA2418298AA4E6006F4242 /* Products */;
			projectDirPath = "";
			projectRoot = "";
			targets = (
				28CA2416298AA4E6006F4242 /* INUWallet */,
				28CA242C298AA4E6006F4242 /* INUWalletTests */,
				28CA2436298AA4E7006F4242 /* INUWalletUITests */,
			);
		};
/* End PBXProject section */

/* Begin PBXResourcesBuildPhase section */
		28CA2415298AA4E6006F4242 /* Resources */ = {
			isa = PBXResourcesBuildPhase;
			buildActionMask = 2147483647;
			files = (
				28CA2427298AA4E6006F4242 /* LaunchScreen.storyboard in Resources */,
				28CA2424298AA4E6006F4242 /* Assets.xcassets in Resources */,
				28CA2422298AA4E6006F4242 /* Main.storyboard in Resources */,
			);
			runOnlyForDeploymentPostprocessing = 0;
		};
		28CA242B298AA4E6006F4242 /* Resources */ = {
			isa = PBXResourcesBuildPhase;
			buildActionMask = 2147483647;
			files = (
			);
			runOnlyForDeploymentPostprocessing = 0;
		};
		28CA2435298AA4E7006F4242 /* Resources */ = {
			isa = PBXResourcesBuildPhase;
			buildActionMask = 2147483647;
			files = (
			);
			runOnlyForDeploymentPostprocessing = 0;
		};
/* End PBXResourcesBuildPhase section */

/* Begin PBXSourcesBuildPhase section */
		28CA2413298AA4E6006F4242 /* Sources */ = {
			isa = PBXSourcesBuildPhase;
			buildActionMask = 2147483647;
			files = (
				28CA241B298AA4E6006F4242 /* AppDelegate.swift in Sources */,
				28CA241D298AA4E6006F4242 /* SceneDelegate.swift in Sources */,
			);
			runOnlyForDeploymentPostprocessing = 0;
		};
		28CA2429298AA4E6006F4242 /* Sources */ = {
			isa = PBXSourcesBuildPhase;
			buildActionMask = 2147483647;
			files = (
				28CA2432298AA4E6006F4242 /* INUWalletTests.swift in Sources */,
			);
			runOnlyForDeploymentPostprocessing = 0;
		};
		28CA2433298AA4E7006F4242 /* Sources */ = {
			isa = PBXSourcesBuildPhase;
			buildActionMask = 2147483647;
			files = (
				28CA243E298AA4E7006F4242 /* INUWalletUITestsLaunchTests.swift in Sources */,
				28CA243C298AA4E7006F4242 /* INUWalletUITests.swift in Sources */,
			);
			runOnlyForDeploymentPostprocessing = 0;
		};
/* End PBXSourcesBuildPhase section */

/* Begin PBXTargetDependency section */
		28CA242F298AA4E6006F4242 /* PBXTargetDependency */ = {
			isa = PBXTargetDependency;
			target = 28CA2416298AA4E6006F4242 /* INUWallet */;
			targetProxy = 28CA242E298AA4E6006F4242 /* PBXContainerItemProxy */;
		};
		28CA2439298AA4E7006F4242 /* PBXTargetDependency */ = {
			isa = PBXTargetDependency;
			target = 28CA2416298AA4E6006F4242 /* INUWallet */;
			targetProxy = 28CA2438298AA4E7006F4242 /* PBXContainerItemProxy */;
		};
/* End PBXTargetDependency section */

/* Begin PBXVariantGroup section */
		28CA2420298AA4E6006F4242 /* Main.storyboard */ = {
			isa = PBXVariantGroup;
			children = (
				28CA2421298AA4E6006F4242 /* Base */,
			);
			name = Main.storyboard;
			sourceTree = "<group>";
		};
		28CA2425298AA4E6006F4242 /* LaunchScreen.storyboard */ = {
			isa = PBXVariantGroup;
			children = (
				28CA2426298AA4E6006F4242 /* Base */,
			);
			name = LaunchScreen.storyboard;
			sourceTree = "<group>";
		};
/* End PBXVariantGroup section */

/* Begin XCBuildConfiguration section */
		28CA243F298AA4E7006F4242 /* Debug */ = {
			isa = XCBuildConfiguration;
			buildSettings = {
				ALWAYS_SEARCH_USER_PATHS = NO;
				CLANG_ANALYZER_NONNULL = YES;
				CLANG_ANALYZER_NUMBER_OBJECT_CONVERSION = YES_AGGRESSIVE;
				CLANG_CXX_LANGUAGE_STANDARD = "gnu++20";
				CLANG_ENABLE_MODULES = YES;
				CLANG_ENABLE_OBJC_ARC = YES;
				CLANG_ENABLE_OBJC_WEAK = YES;
				CLANG_WARN_BLOCK_CAPTURE_AUTORELEASING = YES;
				CLANG_WARN_BOOL_CONVERSION = YES;
				CLANG_WARN_COMMA = YES;
				CLANG_WARN_CONSTANT_CONVERSION = YES;
				CLANG_WARN_DEPRECATED_OBJC_IMPLEMENTATIONS = YES;
				CLANG_WARN_DIRECT_OBJC_ISA_USAGE = YES_ERROR;
				CLANG_WARN_DOCUMENTATION_COMMENTS = YES;
				CLANG_WARN_EMPTY_BODY = YES;
				CLANG_WARN_ENUM_CONVERSION = YES;
				CLANG_WARN_INFINITE_RECURSION = YES;
				CLANG_WARN_INT_CONVERSION = YES;
				CLANG_WARN_NON_LITERAL_NULL_CONVERSION = YES;
				CLANG_WARN_OBJC_IMPLICIT_RETAIN_SELF = YES;
				CLANG_WARN_OBJC_LITERAL_CONVERSION = YES;
				CLANG_WARN_OBJC_ROOT_CLASS = YES_ERROR;
				CLANG_WARN_QUOTED_INCLUDE_IN_FRAMEWORK_HEADER = YES;
				CLANG_WARN_RANGE_LOOP_ANALYSIS = YES;
				CLANG_WARN_STRICT_PROTOTYPES = YES;
				CLANG_WARN_SUSPICIOUS_MOVE = YES;
				CLANG_WARN_UNGUARDED_AVAILABILITY = YES_AGGRESSIVE;
				CLANG_WARN_UNREACHABLE_CODE = YES;
				CLANG_WARN__DUPLICATE_METHOD_MATCH = YES;
				COPY_PHASE_STRIP = NO;
				DEBUG_INFORMATION_FORMAT = dwarf;
				ENABLE_STRICT_OBJC_MSGSEND = YES;
				ENABLE_TESTABILITY = YES;
				GCC_C_LANGUAGE_STANDARD = gnu11;
				GCC_DYNAMIC_NO_PIC = NO;
				GCC_NO_COMMON_BLOCKS = YES;
				GCC_OPTIMIZATION_LEVEL = 0;
				GCC_PREPROCESSOR_DEFINITIONS = (
					"DEBUG=1",
					"$(inherited)",
				);
				GCC_WARN_64_TO_32_BIT_CONVERSION = YES;
				GCC_WARN_ABOUT_RETURN_TYPE = YES_ERROR;
				GCC_WARN_UNDECLARED_SELECTOR = YES;
				GCC_WARN_UNINITIALIZED_AUTOS = YES_AGGRESSIVE;
				GCC_WARN_UNUSED_FUNCTION = YES;
				GCC_WARN_UNUSED_VARIABLE = YES;
				IPHONEOS_DEPLOYMENT_TARGET = 16.2;
				MTL_ENABLE_DEBUG_INFO = INCLUDE_SOURCE;
				MTL_FAST_MATH = YES;
				ONLY_ACTIVE_ARCH = YES;
				SDKROOT = iphoneos;
				SWIFT_ACTIVE_COMPILATION_CONDITIONS = DEBUG;
				SWIFT_OPTIMIZATION_LEVEL = "-Onone";
			};
			name = Debug;
		};
		28CA2440298AA4E7006F4242 /* Release */ = {
			isa = XCBuildConfiguration;
			buildSettings = {
				ALWAYS_SEARCH_USER_PATHS = NO;
				CLANG_ANALYZER_NONNULL = YES;
				CLANG_ANALYZER_NUMBER_OBJECT_CONVERSION = YES_AGGRESSIVE;
				CLANG_CXX_LANGUAGE_STANDARD = "gnu++20";
				CLANG_ENABLE_MODULES = YES;
				CLANG_ENABLE_OBJC_ARC = YES;
				CLANG_ENABLE_OBJC_WEAK = YES;
				CLANG_WARN_BLOCK_CAPTURE_AUTORELEASING = YES;
				CLANG_WARN_BOOL_CONVERSION = YES;
				CLANG_WARN_COMMA = YES;
				CLANG_WARN_CONSTANT_CONVERSION = YES;
				CLANG_WARN_DEPRECATED_OBJC_IMPLEMENTATIONS = YES;
				CLANG_WARN_DIRECT_OBJC_ISA_USAGE = YES_ERROR;
				CLANG_WARN_DOCUMENTATION_COMMENTS = YES;
				CLANG_WARN_EMPTY_BODY = YES;
				CLANG_WARN_ENUM_CONVERSION = YES;
				CLANG_WARN_INFINITE_RECURSION = YES;
				CLANG_WARN_INT_CONVERSION = YES;
				CLANG_WARN_NON_LITERAL_NULL_CONVERSION = YES;
				CLANG_WARN_OBJC_IMPLICIT_RETAIN_SELF = YES;
				CLANG_WARN_OBJC_LITERAL_CONVERSION = YES;
				CLANG_WARN_OBJC_ROOT_CLASS = YES_ERROR;
				CLANG_WARN_QUOTED_INCLUDE_IN_FRAMEWORK_HEADER = YES;
				CLANG_WARN_RANGE_LOOP_ANALYSIS = YES;
				CLANG_WARN_STRICT_PROTOTYPES = YES;
				CLANG_WARN_SUSPICIOUS_MOVE = YES;
				CLANG_WARN_UNGUARDED_AVAILABILITY = YES_AGGRESSIVE;
				CLANG_WARN_UNREACHABLE_CODE = YES;
				CLANG_WARN__DUPLICATE_METHOD_MATCH = YES;
				COPY_PHASE_STRIP = NO;
				DEBUG_INFORMATION_FORMAT = "dwarf-with-dsym";
				ENABLE_NS_ASSERTIONS = NO;
				ENABLE_STRICT_OBJC_MSGSEND = YES;
				GCC_C_LANGUAGE_STANDARD = gnu11;
				GCC_NO_COMMON_BLOCKS = YES;
				GCC_WARN_64_TO_32_BIT_CONVERSION = YES;
				GCC_WARN_ABOUT_RETURN_TYPE = YES_ERROR;
				GCC_WARN_UNDECLARED_SELECTOR = YES;
				GCC_WARN_UNINITIALIZED_AUTOS = YES_AGGRESSIVE;
				GCC_WARN_UNUSED_FUNCTION = YES;
				GCC_WARN_UNUSED_VARIABLE = YES;
				IPHONEOS_DEPLOYMENT_TARGET = 16.2;
				MTL_ENABLE_DEBUG_INFO = NO;
				MTL_FAST_MATH = YES;
				SDKROOT = iphoneos;
				SWIFT_COMPILATION_MODE = wholemodule;
				SWIFT_OPTIMIZATION_LEVEL = "-O";
				VALIDATE_PRODUCT = YES;
			};
			name = Release;
		};
		28CA2442298AA4E7006F4242 /* Debug */ = {
			isa = XCBuildConfiguration;
			buildSettings = {
				ASSETCATALOG_COMPILER_APPICON_NAME = AppIcon;
				ASSETCATALOG_COMPILER_GLOBAL_ACCENT_COLOR_NAME = AccentColor;
				CODE_SIGN_STYLE = Automatic;
				CURRENT_PROJECT_VERSION = 1;
				DEVELOPMENT_TEAM = ZF4387CB99;
				GENERATE_INFOPLIST_FILE = YES;
				INFOPLIST_FILE = INUWallet/Info.plist;
				INFOPLIST_KEY_UIApplicationSupportsIndirectInputEvents = YES;
				INFOPLIST_KEY_UILaunchStoryboardName = LaunchScreen;
				INFOPLIST_KEY_UIMainStoryboardFile = Main;
				INFOPLIST_KEY_UISupportedInterfaceOrientations_iPad = "UIInterfaceOrientationPortrait UIInterfaceOrientationPortraitUpsideDown UIInterfaceOrientationLandscapeLeft UIInterfaceOrientationLandscapeRight";
				INFOPLIST_KEY_UISupportedInterfaceOrientations_iPhone = "UIInterfaceOrientationPortrait UIInterfaceOrientationLandscapeLeft UIInterfaceOrientationLandscapeRight";
				LD_RUNPATH_SEARCH_PATHS = (
					"$(inherited)",
					"@executable_path/Frameworks",
				);
				MARKETING_VERSION = 1.0;
				PRODUCT_BUNDLE_IDENTIFIER = GrayChoi.INUWallet;
				PRODUCT_NAME = "$(TARGET_NAME)";
				SWIFT_EMIT_LOC_STRINGS = YES;
				SWIFT_VERSION = 5.0;
				TARGETED_DEVICE_FAMILY = "1,2";
			};
			name = Debug;
		};
		28CA2443298AA4E7006F4242 /* Release */ = {
			isa = XCBuildConfiguration;
			buildSettings = {
				ASSETCATALOG_COMPILER_APPICON_NAME = AppIcon;
				ASSETCATALOG_COMPILER_GLOBAL_ACCENT_COLOR_NAME = AccentColor;
				CODE_SIGN_STYLE = Automatic;
				CURRENT_PROJECT_VERSION = 1;
				DEVELOPMENT_TEAM = ZF4387CB99;
				GENERATE_INFOPLIST_FILE = YES;
				INFOPLIST_FILE = INUWallet/Info.plist;
				INFOPLIST_KEY_UIApplicationSupportsIndirectInputEvents = YES;
				INFOPLIST_KEY_UILaunchStoryboardName = LaunchScreen;
				INFOPLIST_KEY_UIMainStoryboardFile = Main;
				INFOPLIST_KEY_UISupportedInterfaceOrientations_iPad = "UIInterfaceOrientationPortrait UIInterfaceOrientationPortraitUpsideDown UIInterfaceOrientationLandscapeLeft UIInterfaceOrientationLandscapeRight";
				INFOPLIST_KEY_UISupportedInterfaceOrientations_iPhone = "UIInterfaceOrientationPortrait UIInterfaceOrientationLandscapeLeft UIInterfaceOrientationLandscapeRight";
				LD_RUNPATH_SEARCH_PATHS = (
					"$(inherited)",
					"@executable_path/Frameworks",
				);
				MARKETING_VERSION = 1.0;
				PRODUCT_BUNDLE_IDENTIFIER = GrayChoi.INUWallet;
				PRODUCT_NAME = "$(TARGET_NAME)";
				SWIFT_EMIT_LOC_STRINGS = YES;
				SWIFT_VERSION = 5.0;
				TARGETED_DEVICE_FAMILY = "1,2";
			};
			name = Release;
		};
		28CA2445298AA4E7006F4242 /* Debug */ = {
			isa = XCBuildConfiguration;
			buildSettings = {
				ALWAYS_EMBED_SWIFT_STANDARD_LIBRARIES = YES;
				BUNDLE_LOADER = "$(TEST_HOST)";
				CODE_SIGN_STYLE = Automatic;
				CURRENT_PROJECT_VERSION = 1;
				DEVELOPMENT_TEAM = ZF4387CB99;
				GENERATE_INFOPLIST_FILE = YES;
				IPHONEOS_DEPLOYMENT_TARGET = 16.2;
				MARKETING_VERSION = 1.0;
				PRODUCT_BUNDLE_IDENTIFIER = GrayChoi.INUWalletTests;
				PRODUCT_NAME = "$(TARGET_NAME)";
				SWIFT_EMIT_LOC_STRINGS = NO;
				SWIFT_VERSION = 5.0;
				TARGETED_DEVICE_FAMILY = "1,2";
				TEST_HOST = "$(BUILT_PRODUCTS_DIR)/INUWallet.app/$(BUNDLE_EXECUTABLE_FOLDER_PATH)/INUWallet";
			};
			name = Debug;
		};
		28CA2446298AA4E7006F4242 /* Release */ = {
			isa = XCBuildConfiguration;
			buildSettings = {
				ALWAYS_EMBED_SWIFT_STANDARD_LIBRARIES = YES;
				BUNDLE_LOADER = "$(TEST_HOST)";
				CODE_SIGN_STYLE = Automatic;
				CURRENT_PROJECT_VERSION = 1;
				DEVELOPMENT_TEAM = ZF4387CB99;
				GENERATE_INFOPLIST_FILE = YES;
				IPHONEOS_DEPLOYMENT_TARGET = 16.2;
				MARKETING_VERSION = 1.0;
				PRODUCT_BUNDLE_IDENTIFIER = GrayChoi.INUWalletTests;
				PRODUCT_NAME = "$(TARGET_NAME)";
				SWIFT_EMIT_LOC_STRINGS = NO;
				SWIFT_VERSION = 5.0;
				TARGETED_DEVICE_FAMILY = "1,2";
				TEST_HOST = "$(BUILT_PRODUCTS_DIR)/INUWallet.app/$(BUNDLE_EXECUTABLE_FOLDER_PATH)/INUWallet";
			};
			name = Release;
		};
		28CA2448298AA4E7006F4242 /* Debug */ = {
			isa = XCBuildConfiguration;
			buildSettings = {
				ALWAYS_EMBED_SWIFT_STANDARD_LIBRARIES = YES;
				CODE_SIGN_STYLE = Automatic;
				CURRENT_PROJECT_VERSION = 1;
				DEVELOPMENT_TEAM = ZF4387CB99;
				GENERATE_INFOPLIST_FILE = YES;
				MARKETING_VERSION = 1.0;
				PRODUCT_BUNDLE_IDENTIFIER = GrayChoi.INUWalletUITests;
				PRODUCT_NAME = "$(TARGET_NAME)";
				SWIFT_EMIT_LOC_STRINGS = NO;
				SWIFT_VERSION = 5.0;
				TARGETED_DEVICE_FAMILY = "1,2";
				TEST_TARGET_NAME = INUWallet;
			};
			name = Debug;
		};
		28CA2449298AA4E7006F4242 /* Release */ = {
			isa = XCBuildConfiguration;
			buildSettings = {
				ALWAYS_EMBED_SWIFT_STANDARD_LIBRARIES = YES;
				CODE_SIGN_STYLE = Automatic;
				CURRENT_PROJECT_VERSION = 1;
				DEVELOPMENT_TEAM = ZF4387CB99;
				GENERATE_INFOPLIST_FILE = YES;
				MARKETING_VERSION = 1.0;
				PRODUCT_BUNDLE_IDENTIFIER = GrayChoi.INUWalletUITests;
				PRODUCT_NAME = "$(TARGET_NAME)";
				SWIFT_EMIT_LOC_STRINGS = NO;
				SWIFT_VERSION = 5.0;
				TARGETED_DEVICE_FAMILY = "1,2";
				TEST_TARGET_NAME = INUWallet;
			};
			name = Release;
		};
/* End XCBuildConfiguration section */

/* Begin XCConfigurationList section */
		28CA2412298AA4E6006F4242 /* Build configuration list for PBXProject "INUWallet" */ = {
			isa = XCConfigurationList;
			buildConfigurations = (
				28CA243F298AA4E7006F4242 /* Debug */,
				28CA2440298AA4E7006F4242 /* Release */,
			);
			defaultConfigurationIsVisible = 0;
			defaultConfigurationName = Release;
		};
		28CA2441298AA4E7006F4242 /* Build configuration list for PBXNativeTarget "INUWallet" */ = {
			isa = XCConfigurationList;
			buildConfigurations = (
				28CA2442298AA4E7006F4242 /* Debug */,
				28CA2443298AA4E7006F4242 /* Release */,
			);
			defaultConfigurationIsVisible = 0;
			defaultConfigurationName = Release;
		};
		28CA2444298AA4E7006F4242 /* Build configuration list for PBXNativeTarget "INUWalletTests" */ = {
			isa = XCConfigurationList;
			buildConfigurations = (
				28CA2445298AA4E7006F4242 /* Debug */,
				28CA2446298AA4E7006F4242 /* Release */,
			);
			defaultConfigurationIsVisible = 0;
			defaultConfigurationName = Release;
		};
		28CA2447298AA4E7006F4242 /* Build configuration list for PBXNativeTarget "INUWalletUITests" */ = {
			isa = XCConfigurationList;
			buildConfigurations = (
				28CA2448298AA4E7006F4242 /* Debug */,
				28CA2449298AA4E7006F4242 /* Release */,
			);
			defaultConfigurationIsVisible = 0;
			defaultConfigurationName = Release;
		};
/* End XCConfigurationList section */
	};
	rootObject = 28CA240F298AA4E6006F4242 /* Project object */;
}
