// !$*UTF8*$!
{
	archiveVersion = 1;
	classes = {
	};
	objectVersion = 56;
	objects = {

/* Begin PBXBuildFile section */
		009FD0886DA12ADF57D59B8A /* Pods_INUWallet.framework in Frameworks */ = {isa = PBXBuildFile; fileRef = DE5A86DF553E4A34D2D54DFE /* Pods_INUWallet.framework */; };
		13DED3948A3C83F54DC9A0E3 /* Pods_INUWallet_INUWalletTests.framework in Frameworks */ = {isa = PBXBuildFile; fileRef = DCF72BBED330E20D3933EBA3 /* Pods_INUWallet_INUWalletTests.framework */; };
		280435E529AC7DEB009F090E /* CreateWalletViewController.swift in Sources */ = {isa = PBXBuildFile; fileRef = 280435E429AC7DEB009F090E /* CreateWalletViewController.swift */; };
		2810A7CF29A8CE0600F5BCD1 /* GoogleService-Info.plist in Resources */ = {isa = PBXBuildFile; fileRef = 2810A7CE29A8CE0600F5BCD1 /* GoogleService-Info.plist */; };
		2810A7D129A8D12E00F5BCD1 /* RegistrationViewController.swift in Sources */ = {isa = PBXBuildFile; fileRef = 2810A7D029A8D12E00F5BCD1 /* RegistrationViewController.swift */; };
		2810A7D329A8D2F800F5BCD1 /* DatabaseManager.swift in Sources */ = {isa = PBXBuildFile; fileRef = 2810A7D229A8D2F800F5BCD1 /* DatabaseManager.swift */; };
		2810A7D529A8D76300F5BCD1 /* AuthManager.swift in Sources */ = {isa = PBXBuildFile; fileRef = 2810A7D429A8D76300F5BCD1 /* AuthManager.swift */; };
		2810A7D729A8D7AA00F5BCD1 /* StorageManager.swift in Sources */ = {isa = PBXBuildFile; fileRef = 2810A7D629A8D7AA00F5BCD1 /* StorageManager.swift */; };
		2810A81D29AA56A400F5BCD1 /* Extension.swift in Sources */ = {isa = PBXBuildFile; fileRef = 2810A81C29AA56A400F5BCD1 /* Extension.swift */; };
		284F13F029C166F0004D6410 /* SendINUTokenViewController.swift in Sources */ = {isa = PBXBuildFile; fileRef = 284F13EF29C166F0004D6410 /* SendINUTokenViewController.swift */; };
		284F13FB29C467AF004D6410 /* RegisteUserInfoViewController.swift in Sources */ = {isa = PBXBuildFile; fileRef = 284F13FA29C467AF004D6410 /* RegisteUserInfoViewController.swift */; };
		284F13FD29C5F4A6004D6410 /* Diploma.swift in Sources */ = {isa = PBXBuildFile; fileRef = 284F13FC29C5F4A6004D6410 /* Diploma.swift */; };
		28672F3629B634B1008D5732 /* TxResultViewController.swift in Sources */ = {isa = PBXBuildFile; fileRef = 28672F3529B634B1008D5732 /* TxResultViewController.swift */; };
		286B442729FCF56100036121 /* NFTDetailViewController.swift in Sources */ = {isa = PBXBuildFile; fileRef = 286B442629FCF56100036121 /* NFTDetailViewController.swift */; };
		286B44292A02CD9A00036121 /* EmailAuthenticaionViewController.swift in Sources */ = {isa = PBXBuildFile; fileRef = 286B44282A02CD9A00036121 /* EmailAuthenticaionViewController.swift */; };
		286B442C2A02D11A00036121 /* SwiftSMTP in Frameworks */ = {isa = PBXBuildFile; productRef = 286B442B2A02D11A00036121 /* SwiftSMTP */; };
		286B44302A02D85900036121 /* EmailSender.swift in Sources */ = {isa = PBXBuildFile; fileRef = 286B442F2A02D85900036121 /* EmailSender.swift */; };
		289B9EB729D176E400683FAF /* DiplomaTxViewController.swift in Sources */ = {isa = PBXBuildFile; fileRef = 289B9EB629D176E400683FAF /* DiplomaTxViewController.swift */; };
		289B9EB929D1DE9800683FAF /* MetadataModel.swift in Sources */ = {isa = PBXBuildFile; fileRef = 289B9EB829D1DE9800683FAF /* MetadataModel.swift */; };
		289B9EBB29D3C60A00683FAF /* Polygon.swift in Sources */ = {isa = PBXBuildFile; fileRef = 289B9EBA29D3C60A00683FAF /* Polygon.swift */; };
		289B9EBD29D5DF1100683FAF /* DepartmentsData.swift in Sources */ = {isa = PBXBuildFile; fileRef = 289B9EBC29D5DF1100683FAF /* DepartmentsData.swift */; };
		289CA57029B0BBA20045E006 /* Web3 in Frameworks */ = {isa = PBXBuildFile; productRef = 289CA56F29B0BBA20045E006 /* Web3 */; };
		289CA57229B0BBA20045E006 /* Web3ContractABI in Frameworks */ = {isa = PBXBuildFile; productRef = 289CA57129B0BBA20045E006 /* Web3ContractABI */; };
		289CA57429B0BBA20045E006 /* Web3PromiseKit in Frameworks */ = {isa = PBXBuildFile; productRef = 289CA57329B0BBA20045E006 /* Web3PromiseKit */; };
		28CA241B298AA4E6006F4242 /* AppDelegate.swift in Sources */ = {isa = PBXBuildFile; fileRef = 28CA241A298AA4E6006F4242 /* AppDelegate.swift */; };
		28CA241D298AA4E6006F4242 /* SceneDelegate.swift in Sources */ = {isa = PBXBuildFile; fileRef = 28CA241C298AA4E6006F4242 /* SceneDelegate.swift */; };
		28CA2422298AA4E6006F4242 /* Main.storyboard in Resources */ = {isa = PBXBuildFile; fileRef = 28CA2420298AA4E6006F4242 /* Main.storyboard */; };
		28CA2424298AA4E6006F4242 /* Assets.xcassets in Resources */ = {isa = PBXBuildFile; fileRef = 28CA2423298AA4E6006F4242 /* Assets.xcassets */; };
		28CA2427298AA4E6006F4242 /* LaunchScreen.storyboard in Resources */ = {isa = PBXBuildFile; fileRef = 28CA2425298AA4E6006F4242 /* LaunchScreen.storyboard */; };
		28CA2432298AA4E6006F4242 /* INUWalletTests.swift in Sources */ = {isa = PBXBuildFile; fileRef = 28CA2431298AA4E6006F4242 /* INUWalletTests.swift */; };
		28CA243C298AA4E7006F4242 /* INUWalletUITests.swift in Sources */ = {isa = PBXBuildFile; fileRef = 28CA243B298AA4E7006F4242 /* INUWalletUITests.swift */; };
		28CA243E298AA4E7006F4242 /* INUWalletUITestsLaunchTests.swift in Sources */ = {isa = PBXBuildFile; fileRef = 28CA243D298AA4E7006F4242 /* INUWalletUITestsLaunchTests.swift */; };
		28CA2453298BBBA5006F4242 /* HomeViewController.swift in Sources */ = {isa = PBXBuildFile; fileRef = 28CA2452298BBBA5006F4242 /* HomeViewController.swift */; };
		28CA2457298BBBBD006F4242 /* NFTViewController.swift in Sources */ = {isa = PBXBuildFile; fileRef = 28CA2456298BBBBD006F4242 /* NFTViewController.swift */; };
		28CA2459298BBBCB006F4242 /* MoreViewController.swift in Sources */ = {isa = PBXBuildFile; fileRef = 28CA2458298BBBCB006F4242 /* MoreViewController.swift */; };
		28CA245B298BBC02006F4242 /* WalletViewController.swift in Sources */ = {isa = PBXBuildFile; fileRef = 28CA245A298BBC02006F4242 /* WalletViewController.swift */; };
		28CA245D298BBC56006F4242 /* Models.swift in Sources */ = {isa = PBXBuildFile; fileRef = 28CA245C298BBC56006F4242 /* Models.swift */; };
		28CA2461298BBD20006F4242 /* LoginViewController.swift in Sources */ = {isa = PBXBuildFile; fileRef = 28CA2460298BBD20006F4242 /* LoginViewController.swift */; };
		28CA2464298BC390006F4242 /* AuthenticationViewController.swift in Sources */ = {isa = PBXBuildFile; fileRef = 28CA2463298BC390006F4242 /* AuthenticationViewController.swift */; };
		28CA2466298BC39B006F4242 /* NFTInfoViewController.swift in Sources */ = {isa = PBXBuildFile; fileRef = 28CA2465298BC39B006F4242 /* NFTInfoViewController.swift */; };
		28CA2468298BC3BB006F4242 /* WalletInfoViewController.swift in Sources */ = {isa = PBXBuildFile; fileRef = 28CA2467298BC3BB006F4242 /* WalletInfoViewController.swift */; };
		28CA246A298BC3DB006F4242 /* TokenInfoViewController.swift in Sources */ = {isa = PBXBuildFile; fileRef = 28CA2469298BC3DB006F4242 /* TokenInfoViewController.swift */; };
		28CA246C298BC419006F4242 /* SendTokenViewController.swift in Sources */ = {isa = PBXBuildFile; fileRef = 28CA246B298BC419006F4242 /* SendTokenViewController.swift */; };
		28CA246E298BC422006F4242 /* NFTSendViewController.swift in Sources */ = {isa = PBXBuildFile; fileRef = 28CA246D298BC422006F4242 /* NFTSendViewController.swift */; };
		28D3547829E542AB00076447 /* NFTModel.swift in Sources */ = {isa = PBXBuildFile; fileRef = 28D3547729E542AB00076447 /* NFTModel.swift */; };
		28D3547A29E5899A00076447 /* TabBarViewController.swift in Sources */ = {isa = PBXBuildFile; fileRef = 28D3547929E5899A00076447 /* TabBarViewController.swift */; };
		28F0EC7329C87330005D29F1 /* MintDiplomaViewController.swift in Sources */ = {isa = PBXBuildFile; fileRef = 28F0EC7229C87330005D29F1 /* MintDiplomaViewController.swift */; };
		28F0EC7829C9C4CE005D29F1 /* NanumMyeongjoExtraBold.otf in Resources */ = {isa = PBXBuildFile; fileRef = 28F0EC7529C9C4CE005D29F1 /* NanumMyeongjoExtraBold.otf */; };
		28F0EC7929C9C4CE005D29F1 /* NanumMyeongjo.otf in Resources */ = {isa = PBXBuildFile; fileRef = 28F0EC7629C9C4CE005D29F1 /* NanumMyeongjo.otf */; };
		28F0EC7A29C9C4CE005D29F1 /* NanumMyeongjoBold.otf in Resources */ = {isa = PBXBuildFile; fileRef = 28F0EC7729C9C4CE005D29F1 /* NanumMyeongjoBold.otf */; };
		28F3100829ED946100844F00 /* UserModel.swift in Sources */ = {isa = PBXBuildFile; fileRef = 28F3100729ED946100844F00 /* UserModel.swift */; };
		B8F112B2F94065885868859B /* Pods_INUWallet_INUWalletUITests.framework in Frameworks */ = {isa = PBXBuildFile; fileRef = 8FA4B1450ABB734FCF4BFF69 /* Pods_INUWallet_INUWalletUITests.framework */; };
/* End PBXBuildFile section */

/* Begin PBXContainerItemProxy section */
		28CA242E298AA4E6006F4242 /* PBXContainerItemProxy */ = {
			isa = PBXContainerItemProxy;
			containerPortal = 28CA240F298AA4E6006F4242 /* Project object */;
			proxyType = 1;
			remoteGlobalIDString = 28CA2416298AA4E6006F4242;
			remoteInfo = INUWallet;
		};
		28CA2438298AA4E7006F4242 /* PBXContainerItemProxy */ = {
			isa = PBXContainerItemProxy;
			containerPortal = 28CA240F298AA4E6006F4242 /* Project object */;
			proxyType = 1;
			remoteGlobalIDString = 28CA2416298AA4E6006F4242;
			remoteInfo = INUWallet;
		};
/* End PBXContainerItemProxy section */

/* Begin PBXFileReference section */
		1A8AE4D1B6FC37AE819215CC /* Pods-INUWallet-INUWalletTests.release.xcconfig */ = {isa = PBXFileReference; includeInIndex = 1; lastKnownFileType = text.xcconfig; name = "Pods-INUWallet-INUWalletTests.release.xcconfig"; path = "Target Support Files/Pods-INUWallet-INUWalletTests/Pods-INUWallet-INUWalletTests.release.xcconfig"; sourceTree = "<group>"; };
		280435E429AC7DEB009F090E /* CreateWalletViewController.swift */ = {isa = PBXFileReference; lastKnownFileType = sourcecode.swift; path = CreateWalletViewController.swift; sourceTree = "<group>"; };
		2810A7CE29A8CE0600F5BCD1 /* GoogleService-Info.plist */ = {isa = PBXFileReference; fileEncoding = 4; lastKnownFileType = text.plist.xml; path = "GoogleService-Info.plist"; sourceTree = "<group>"; };
		2810A7D029A8D12E00F5BCD1 /* RegistrationViewController.swift */ = {isa = PBXFileReference; lastKnownFileType = sourcecode.swift; path = RegistrationViewController.swift; sourceTree = "<group>"; };
		2810A7D229A8D2F800F5BCD1 /* DatabaseManager.swift */ = {isa = PBXFileReference; lastKnownFileType = sourcecode.swift; path = DatabaseManager.swift; sourceTree = "<group>"; };
		2810A7D429A8D76300F5BCD1 /* AuthManager.swift */ = {isa = PBXFileReference; lastKnownFileType = sourcecode.swift; path = AuthManager.swift; sourceTree = "<group>"; };
		2810A7D629A8D7AA00F5BCD1 /* StorageManager.swift */ = {isa = PBXFileReference; lastKnownFileType = sourcecode.swift; path = StorageManager.swift; sourceTree = "<group>"; };
		2810A81C29AA56A400F5BCD1 /* Extension.swift */ = {isa = PBXFileReference; lastKnownFileType = sourcecode.swift; path = Extension.swift; sourceTree = "<group>"; };
		284F13EF29C166F0004D6410 /* SendINUTokenViewController.swift */ = {isa = PBXFileReference; lastKnownFileType = sourcecode.swift; path = SendINUTokenViewController.swift; sourceTree = "<group>"; };
		284F13FA29C467AF004D6410 /* RegisteUserInfoViewController.swift */ = {isa = PBXFileReference; lastKnownFileType = sourcecode.swift; path = RegisteUserInfoViewController.swift; sourceTree = "<group>"; };
		284F13FC29C5F4A6004D6410 /* Diploma.swift */ = {isa = PBXFileReference; lastKnownFileType = sourcecode.swift; path = Diploma.swift; sourceTree = "<group>"; };
		28672F3529B634B1008D5732 /* TxResultViewController.swift */ = {isa = PBXFileReference; lastKnownFileType = sourcecode.swift; path = TxResultViewController.swift; sourceTree = "<group>"; };
		286B442629FCF56100036121 /* NFTDetailViewController.swift */ = {isa = PBXFileReference; lastKnownFileType = sourcecode.swift; path = NFTDetailViewController.swift; sourceTree = "<group>"; };
		286B44282A02CD9A00036121 /* EmailAuthenticaionViewController.swift */ = {isa = PBXFileReference; lastKnownFileType = sourcecode.swift; path = EmailAuthenticaionViewController.swift; sourceTree = "<group>"; };
		286B442F2A02D85900036121 /* EmailSender.swift */ = {isa = PBXFileReference; lastKnownFileType = sourcecode.swift; path = EmailSender.swift; sourceTree = "<group>"; };
		289B9EB629D176E400683FAF /* DiplomaTxViewController.swift */ = {isa = PBXFileReference; lastKnownFileType = sourcecode.swift; path = DiplomaTxViewController.swift; sourceTree = "<group>"; };
		289B9EB829D1DE9800683FAF /* MetadataModel.swift */ = {isa = PBXFileReference; lastKnownFileType = sourcecode.swift; path = MetadataModel.swift; sourceTree = "<group>"; };
		289B9EBA29D3C60A00683FAF /* Polygon.swift */ = {isa = PBXFileReference; lastKnownFileType = sourcecode.swift; path = Polygon.swift; sourceTree = "<group>"; };
		289B9EBC29D5DF1100683FAF /* DepartmentsData.swift */ = {isa = PBXFileReference; lastKnownFileType = sourcecode.swift; path = DepartmentsData.swift; sourceTree = "<group>"; };
		28CA2417298AA4E6006F4242 /* INUWallet.app */ = {isa = PBXFileReference; explicitFileType = wrapper.application; includeInIndex = 0; path = INUWallet.app; sourceTree = BUILT_PRODUCTS_DIR; };
		28CA241A298AA4E6006F4242 /* AppDelegate.swift */ = {isa = PBXFileReference; lastKnownFileType = sourcecode.swift; path = AppDelegate.swift; sourceTree = "<group>"; };
		28CA241C298AA4E6006F4242 /* SceneDelegate.swift */ = {isa = PBXFileReference; lastKnownFileType = sourcecode.swift; path = SceneDelegate.swift; sourceTree = "<group>"; };
		28CA2421298AA4E6006F4242 /* Base */ = {isa = PBXFileReference; lastKnownFileType = file.storyboard; name = Base; path = Base.lproj/Main.storyboard; sourceTree = "<group>"; };
		28CA2423298AA4E6006F4242 /* Assets.xcassets */ = {isa = PBXFileReference; lastKnownFileType = folder.assetcatalog; path = Assets.xcassets; sourceTree = "<group>"; };
		28CA2426298AA4E6006F4242 /* Base */ = {isa = PBXFileReference; lastKnownFileType = file.storyboard; name = Base; path = Base.lproj/LaunchScreen.storyboard; sourceTree = "<group>"; };
		28CA2428298AA4E6006F4242 /* Info.plist */ = {isa = PBXFileReference; lastKnownFileType = text.plist.xml; path = Info.plist; sourceTree = "<group>"; };
		28CA242D298AA4E6006F4242 /* INUWalletTests.xctest */ = {isa = PBXFileReference; explicitFileType = wrapper.cfbundle; includeInIndex = 0; path = INUWalletTests.xctest; sourceTree = BUILT_PRODUCTS_DIR; };
		28CA2431298AA4E6006F4242 /* INUWalletTests.swift */ = {isa = PBXFileReference; lastKnownFileType = sourcecode.swift; path = INUWalletTests.swift; sourceTree = "<group>"; };
		28CA2437298AA4E7006F4242 /* INUWalletUITests.xctest */ = {isa = PBXFileReference; explicitFileType = wrapper.cfbundle; includeInIndex = 0; path = INUWalletUITests.xctest; sourceTree = BUILT_PRODUCTS_DIR; };
		28CA243B298AA4E7006F4242 /* INUWalletUITests.swift */ = {isa = PBXFileReference; lastKnownFileType = sourcecode.swift; path = INUWalletUITests.swift; sourceTree = "<group>"; };
		28CA243D298AA4E7006F4242 /* INUWalletUITestsLaunchTests.swift */ = {isa = PBXFileReference; lastKnownFileType = sourcecode.swift; path = INUWalletUITestsLaunchTests.swift; sourceTree = "<group>"; };
		28CA2452298BBBA5006F4242 /* HomeViewController.swift */ = {isa = PBXFileReference; lastKnownFileType = sourcecode.swift; path = HomeViewController.swift; sourceTree = "<group>"; };
		28CA2456298BBBBD006F4242 /* NFTViewController.swift */ = {isa = PBXFileReference; lastKnownFileType = sourcecode.swift; path = NFTViewController.swift; sourceTree = "<group>"; };
		28CA2458298BBBCB006F4242 /* MoreViewController.swift */ = {isa = PBXFileReference; lastKnownFileType = sourcecode.swift; path = MoreViewController.swift; sourceTree = "<group>"; };
		28CA245A298BBC02006F4242 /* WalletViewController.swift */ = {isa = PBXFileReference; lastKnownFileType = sourcecode.swift; path = WalletViewController.swift; sourceTree = "<group>"; };
		28CA245C298BBC56006F4242 /* Models.swift */ = {isa = PBXFileReference; lastKnownFileType = sourcecode.swift; path = Models.swift; sourceTree = "<group>"; };
		28CA2460298BBD20006F4242 /* LoginViewController.swift */ = {isa = PBXFileReference; lastKnownFileType = sourcecode.swift; path = LoginViewController.swift; sourceTree = "<group>"; };
		28CA2463298BC390006F4242 /* AuthenticationViewController.swift */ = {isa = PBXFileReference; lastKnownFileType = sourcecode.swift; path = AuthenticationViewController.swift; sourceTree = "<group>"; };
		28CA2465298BC39B006F4242 /* NFTInfoViewController.swift */ = {isa = PBXFileReference; lastKnownFileType = sourcecode.swift; path = NFTInfoViewController.swift; sourceTree = "<group>"; };
		28CA2467298BC3BB006F4242 /* WalletInfoViewController.swift */ = {isa = PBXFileReference; lastKnownFileType = sourcecode.swift; path = WalletInfoViewController.swift; sourceTree = "<group>"; };
		28CA2469298BC3DB006F4242 /* TokenInfoViewController.swift */ = {isa = PBXFileReference; lastKnownFileType = sourcecode.swift; path = TokenInfoViewController.swift; sourceTree = "<group>"; };
		28CA246B298BC419006F4242 /* SendTokenViewController.swift */ = {isa = PBXFileReference; lastKnownFileType = sourcecode.swift; path = SendTokenViewController.swift; sourceTree = "<group>"; };
		28CA246D298BC422006F4242 /* NFTSendViewController.swift */ = {isa = PBXFileReference; lastKnownFileType = sourcecode.swift; path = NFTSendViewController.swift; sourceTree = "<group>"; };
		28D3547729E542AB00076447 /* NFTModel.swift */ = {isa = PBXFileReference; lastKnownFileType = sourcecode.swift; path = NFTModel.swift; sourceTree = "<group>"; };
		28D3547929E5899A00076447 /* TabBarViewController.swift */ = {isa = PBXFileReference; lastKnownFileType = sourcecode.swift; path = TabBarViewController.swift; sourceTree = "<group>"; };
		28F0EC7229C87330005D29F1 /* MintDiplomaViewController.swift */ = {isa = PBXFileReference; lastKnownFileType = sourcecode.swift; path = MintDiplomaViewController.swift; sourceTree = "<group>"; };
		28F0EC7529C9C4CE005D29F1 /* NanumMyeongjoExtraBold.otf */ = {isa = PBXFileReference; lastKnownFileType = file; path = NanumMyeongjoExtraBold.otf; sourceTree = "<group>"; };
		28F0EC7629C9C4CE005D29F1 /* NanumMyeongjo.otf */ = {isa = PBXFileReference; lastKnownFileType = file; path = NanumMyeongjo.otf; sourceTree = "<group>"; };
		28F0EC7729C9C4CE005D29F1 /* NanumMyeongjoBold.otf */ = {isa = PBXFileReference; lastKnownFileType = file; path = NanumMyeongjoBold.otf; sourceTree = "<group>"; };
		28F3100729ED946100844F00 /* UserModel.swift */ = {isa = PBXFileReference; lastKnownFileType = sourcecode.swift; path = UserModel.swift; sourceTree = "<group>"; };
		70FC0E0971C0CEBBA9652491 /* Pods-INUWallet-INUWalletUITests.debug.xcconfig */ = {isa = PBXFileReference; includeInIndex = 1; lastKnownFileType = text.xcconfig; name = "Pods-INUWallet-INUWalletUITests.debug.xcconfig"; path = "Target Support Files/Pods-INUWallet-INUWalletUITests/Pods-INUWallet-INUWalletUITests.debug.xcconfig"; sourceTree = "<group>"; };
		729085B23E0291383C3D7609 /* Pods-INUWallet-INUWalletUITests.release.xcconfig */ = {isa = PBXFileReference; includeInIndex = 1; lastKnownFileType = text.xcconfig; name = "Pods-INUWallet-INUWalletUITests.release.xcconfig"; path = "Target Support Files/Pods-INUWallet-INUWalletUITests/Pods-INUWallet-INUWalletUITests.release.xcconfig"; sourceTree = "<group>"; };
		8FA4B1450ABB734FCF4BFF69 /* Pods_INUWallet_INUWalletUITests.framework */ = {isa = PBXFileReference; explicitFileType = wrapper.framework; includeInIndex = 0; path = Pods_INUWallet_INUWalletUITests.framework; sourceTree = BUILT_PRODUCTS_DIR; };
		B14DDF7954DCF0C2C056B7A6 /* Pods-INUWallet.debug.xcconfig */ = {isa = PBXFileReference; includeInIndex = 1; lastKnownFileType = text.xcconfig; name = "Pods-INUWallet.debug.xcconfig"; path = "Target Support Files/Pods-INUWallet/Pods-INUWallet.debug.xcconfig"; sourceTree = "<group>"; };
		B38FEAAFFF22DB07AF426533 /* Pods-INUWallet.release.xcconfig */ = {isa = PBXFileReference; includeInIndex = 1; lastKnownFileType = text.xcconfig; name = "Pods-INUWallet.release.xcconfig"; path = "Target Support Files/Pods-INUWallet/Pods-INUWallet.release.xcconfig"; sourceTree = "<group>"; };
		CA3F6040A7A6D17F15208881 /* Pods-INUWallet-INUWalletTests.debug.xcconfig */ = {isa = PBXFileReference; includeInIndex = 1; lastKnownFileType = text.xcconfig; name = "Pods-INUWallet-INUWalletTests.debug.xcconfig"; path = "Target Support Files/Pods-INUWallet-INUWalletTests/Pods-INUWallet-INUWalletTests.debug.xcconfig"; sourceTree = "<group>"; };
		DCF72BBED330E20D3933EBA3 /* Pods_INUWallet_INUWalletTests.framework */ = {isa = PBXFileReference; explicitFileType = wrapper.framework; includeInIndex = 0; path = Pods_INUWallet_INUWalletTests.framework; sourceTree = BUILT_PRODUCTS_DIR; };
		DE5A86DF553E4A34D2D54DFE /* Pods_INUWallet.framework */ = {isa = PBXFileReference; explicitFileType = wrapper.framework; includeInIndex = 0; path = Pods_INUWallet.framework; sourceTree = BUILT_PRODUCTS_DIR; };
/* End PBXFileReference section */

/* Begin PBXFrameworksBuildPhase section */
		28CA2414298AA4E6006F4242 /* Frameworks */ = {
			isa = PBXFrameworksBuildPhase;
			buildActionMask = 2147483647;
			files = (
				289CA57229B0BBA20045E006 /* Web3ContractABI in Frameworks */,
				289CA57429B0BBA20045E006 /* Web3PromiseKit in Frameworks */,
				286B442C2A02D11A00036121 /* SwiftSMTP in Frameworks */,
				289CA57029B0BBA20045E006 /* Web3 in Frameworks */,
				009FD0886DA12ADF57D59B8A /* Pods_INUWallet.framework in Frameworks */,
			);
			runOnlyForDeploymentPostprocessing = 0;
		};
		28CA242A298AA4E6006F4242 /* Frameworks */ = {
			isa = PBXFrameworksBuildPhase;
			buildActionMask = 2147483647;
			files = (
				13DED3948A3C83F54DC9A0E3 /* Pods_INUWallet_INUWalletTests.framework in Frameworks */,
			);
			runOnlyForDeploymentPostprocessing = 0;
		};
		28CA2434298AA4E7006F4242 /* Frameworks */ = {
			isa = PBXFrameworksBuildPhase;
			buildActionMask = 2147483647;
			files = (
				B8F112B2F94065885868859B /* Pods_INUWallet_INUWalletUITests.framework in Frameworks */,
			);
			runOnlyForDeploymentPostprocessing = 0;
		};
/* End PBXFrameworksBuildPhase section */

/* Begin PBXGroup section */
		28CA240E298AA4E6006F4242 = {
			isa = PBXGroup;
			children = (
				28CA2419298AA4E6006F4242 /* INUWallet */,
				28CA2430298AA4E6006F4242 /* INUWalletTests */,
				28CA243A298AA4E7006F4242 /* INUWalletUITests */,
				28CA2418298AA4E6006F4242 /* Products */,
				C5650CC420B92D128C576FC2 /* Pods */,
				E053E0118B8F590B1C9A9A6F /* Frameworks */,
			);
			sourceTree = "<group>";
		};
		28CA2418298AA4E6006F4242 /* Products */ = {
			isa = PBXGroup;
			children = (
				28CA2417298AA4E6006F4242 /* INUWallet.app */,
				28CA242D298AA4E6006F4242 /* INUWalletTests.xctest */,
				28CA2437298AA4E7006F4242 /* INUWalletUITests.xctest */,
			);
			name = Products;
			sourceTree = "<group>";
		};
		28CA2419298AA4E6006F4242 /* INUWallet */ = {
			isa = PBXGroup;
			children = (
				28CA244A298AA548006F4242 /* Resources */,
				28CA244B298AA563006F4242 /* Models */,
				28CA244C298AA572006F4242 /* Views */,
				28CA244E298AA651006F4242 /* Controllers */,
				28CA2428298AA4E6006F4242 /* Info.plist */,
			);
			path = INUWallet;
			sourceTree = "<group>";
		};
		28CA2430298AA4E6006F4242 /* INUWalletTests */ = {
			isa = PBXGroup;
			children = (
				28CA2431298AA4E6006F4242 /* INUWalletTests.swift */,
			);
			path = INUWalletTests;
			sourceTree = "<group>";
		};
		28CA243A298AA4E7006F4242 /* INUWalletUITests */ = {
			isa = PBXGroup;
			children = (
				28CA243B298AA4E7006F4242 /* INUWalletUITests.swift */,
				28CA243D298AA4E7006F4242 /* INUWalletUITestsLaunchTests.swift */,
			);
			path = INUWalletUITests;
			sourceTree = "<group>";
		};
		28CA244A298AA548006F4242 /* Resources */ = {
			isa = PBXGroup;
			children = (
				28F0EC7429C9C4BF005D29F1 /* Font */,
				2810A7CE29A8CE0600F5BCD1 /* GoogleService-Info.plist */,
				28CA241A298AA4E6006F4242 /* AppDelegate.swift */,
				28CA241C298AA4E6006F4242 /* SceneDelegate.swift */,
				2810A7D229A8D2F800F5BCD1 /* DatabaseManager.swift */,
				2810A7D629A8D7AA00F5BCD1 /* StorageManager.swift */,
				2810A7D429A8D76300F5BCD1 /* AuthManager.swift */,
				2810A81C29AA56A400F5BCD1 /* Extension.swift */,
				284F13FC29C5F4A6004D6410 /* Diploma.swift */,
				289B9EBA29D3C60A00683FAF /* Polygon.swift */,
				289B9EBC29D5DF1100683FAF /* DepartmentsData.swift */,
				286B442F2A02D85900036121 /* EmailSender.swift */,
			);
			path = Resources;
			sourceTree = "<group>";
		};
		28CA244B298AA563006F4242 /* Models */ = {
			isa = PBXGroup;
			children = (
				28CA245C298BBC56006F4242 /* Models.swift */,
				289B9EB829D1DE9800683FAF /* MetadataModel.swift */,
				28D3547729E542AB00076447 /* NFTModel.swift */,
				28F3100729ED946100844F00 /* UserModel.swift */,
			);
			path = Models;
			sourceTree = "<group>";
		};
		28CA244C298AA572006F4242 /* Views */ = {
			isa = PBXGroup;
			children = (
				28CA2423298AA4E6006F4242 /* Assets.xcassets */,
				28CA244D298AA62E006F4242 /* Storyboards */,
			);
			path = Views;
			sourceTree = "<group>";
		};
		28CA244D298AA62E006F4242 /* Storyboards */ = {
			isa = PBXGroup;
			children = (
				28CA2420298AA4E6006F4242 /* Main.storyboard */,
				28CA2425298AA4E6006F4242 /* LaunchScreen.storyboard */,
			);
			path = Storyboards;
			sourceTree = "<group>";
		};
		28CA244E298AA651006F4242 /* Controllers */ = {
			isa = PBXGroup;
			children = (
				28CA245F298BBD0A006F4242 /* Other */,
				28CA244F298BBB66006F4242 /* Core Tabs */,
			);
			path = Controllers;
			sourceTree = "<group>";
		};
		28CA244F298BBB66006F4242 /* Core Tabs */ = {
			isa = PBXGroup;
			children = (
				28CA2452298BBBA5006F4242 /* HomeViewController.swift */,
				28CA245A298BBC02006F4242 /* WalletViewController.swift */,
				28CA2456298BBBBD006F4242 /* NFTViewController.swift */,
				28CA2458298BBBCB006F4242 /* MoreViewController.swift */,
			);
			path = "Core Tabs";
			sourceTree = "<group>";
		};
		28CA245E298BBCFC006F4242 /* Onboarding */ = {
			isa = PBXGroup;
			children = (
				28CA2460298BBD20006F4242 /* LoginViewController.swift */,
				28CA2463298BC390006F4242 /* AuthenticationViewController.swift */,
				2810A7D029A8D12E00F5BCD1 /* RegistrationViewController.swift */,
				284F13FA29C467AF004D6410 /* RegisteUserInfoViewController.swift */,
				280435E429AC7DEB009F090E /* CreateWalletViewController.swift */,
				286B44282A02CD9A00036121 /* EmailAuthenticaionViewController.swift */,
			);
			path = Onboarding;
			sourceTree = "<group>";
		};
		28CA245F298BBD0A006F4242 /* Other */ = {
			isa = PBXGroup;
			children = (
				28CA245E298BBCFC006F4242 /* Onboarding */,
				28CA2462298BC34F006F4242 /* General */,
			);
			path = Other;
			sourceTree = "<group>";
		};
		28CA2462298BC34F006F4242 /* General */ = {
			isa = PBXGroup;
			children = (
				28CA2465298BC39B006F4242 /* NFTInfoViewController.swift */,
				28CA2467298BC3BB006F4242 /* WalletInfoViewController.swift */,
				28CA2469298BC3DB006F4242 /* TokenInfoViewController.swift */,
				28CA246D298BC422006F4242 /* NFTSendViewController.swift */,
				28672F3529B634B1008D5732 /* TxResultViewController.swift */,
				28CA246B298BC419006F4242 /* SendTokenViewController.swift */,
				284F13EF29C166F0004D6410 /* SendINUTokenViewController.swift */,
				28F0EC7229C87330005D29F1 /* MintDiplomaViewController.swift */,
				289B9EB629D176E400683FAF /* DiplomaTxViewController.swift */,
				28D3547929E5899A00076447 /* TabBarViewController.swift */,
				286B442629FCF56100036121 /* NFTDetailViewController.swift */,
			);
			path = General;
			sourceTree = "<group>";
		};
		28F0EC7429C9C4BF005D29F1 /* Font */ = {
			isa = PBXGroup;
			children = (
				28F0EC7629C9C4CE005D29F1 /* NanumMyeongjo.otf */,
				28F0EC7729C9C4CE005D29F1 /* NanumMyeongjoBold.otf */,
				28F0EC7529C9C4CE005D29F1 /* NanumMyeongjoExtraBold.otf */,
			);
			path = Font;
			sourceTree = "<group>";
		};
		C5650CC420B92D128C576FC2 /* Pods */ = {
			isa = PBXGroup;
			children = (
				B14DDF7954DCF0C2C056B7A6 /* Pods-INUWallet.debug.xcconfig */,
				B38FEAAFFF22DB07AF426533 /* Pods-INUWallet.release.xcconfig */,
				CA3F6040A7A6D17F15208881 /* Pods-INUWallet-INUWalletTests.debug.xcconfig */,
				1A8AE4D1B6FC37AE819215CC /* Pods-INUWallet-INUWalletTests.release.xcconfig */,
				70FC0E0971C0CEBBA9652491 /* Pods-INUWallet-INUWalletUITests.debug.xcconfig */,
				729085B23E0291383C3D7609 /* Pods-INUWallet-INUWalletUITests.release.xcconfig */,
			);
			path = Pods;
			sourceTree = "<group>";
		};
		E053E0118B8F590B1C9A9A6F /* Frameworks */ = {
			isa = PBXGroup;
			children = (
				DE5A86DF553E4A34D2D54DFE /* Pods_INUWallet.framework */,
				DCF72BBED330E20D3933EBA3 /* Pods_INUWallet_INUWalletTests.framework */,
				8FA4B1450ABB734FCF4BFF69 /* Pods_INUWallet_INUWalletUITests.framework */,
			);
			name = Frameworks;
			sourceTree = "<group>";
		};
/* End PBXGroup section */

/* Begin PBXNativeTarget section */
		28CA2416298AA4E6006F4242 /* INUWallet */ = {
			isa = PBXNativeTarget;
			buildConfigurationList = 28CA2441298AA4E7006F4242 /* Build configuration list for PBXNativeTarget "INUWallet" */;
			buildPhases = (
				FBF65B0019854E0053477C4E /* [CP] Check Pods Manifest.lock */,
				28CA2413298AA4E6006F4242 /* Sources */,
				28CA2414298AA4E6006F4242 /* Frameworks */,
				28CA2415298AA4E6006F4242 /* Resources */,
				09FC604F04139504F48A5FCB /* [CP] Embed Pods Frameworks */,
			);
			buildRules = (
			);
			dependencies = (
			);
			name = INUWallet;
			packageProductDependencies = (
				289CA56F29B0BBA20045E006 /* Web3 */,
				289CA57129B0BBA20045E006 /* Web3ContractABI */,
				289CA57329B0BBA20045E006 /* Web3PromiseKit */,
				286B442B2A02D11A00036121 /* SwiftSMTP */,
			);
			productName = INUWallet;
			productReference = 28CA2417298AA4E6006F4242 /* INUWallet.app */;
			productType = "com.apple.product-type.application";
		};
		28CA242C298AA4E6006F4242 /* INUWalletTests */ = {
			isa = PBXNativeTarget;
			buildConfigurationList = 28CA2444298AA4E7006F4242 /* Build configuration list for PBXNativeTarget "INUWalletTests" */;
			buildPhases = (
				37E0BB77919BC83BC4D6F1F8 /* [CP] Check Pods Manifest.lock */,
				28CA2429298AA4E6006F4242 /* Sources */,
				28CA242A298AA4E6006F4242 /* Frameworks */,
				28CA242B298AA4E6006F4242 /* Resources */,
				039548F84F91B284DBFA46D8 /* [CP] Embed Pods Frameworks */,
			);
			buildRules = (
			);
			dependencies = (
				28CA242F298AA4E6006F4242 /* PBXTargetDependency */,
			);
			name = INUWalletTests;
			productName = INUWalletTests;
			productReference = 28CA242D298AA4E6006F4242 /* INUWalletTests.xctest */;
			productType = "com.apple.product-type.bundle.unit-test";
		};
		28CA2436298AA4E7006F4242 /* INUWalletUITests */ = {
			isa = PBXNativeTarget;
			buildConfigurationList = 28CA2447298AA4E7006F4242 /* Build configuration list for PBXNativeTarget "INUWalletUITests" */;
			buildPhases = (
				BD6C03BD1E8B05DB2D72B157 /* [CP] Check Pods Manifest.lock */,
				28CA2433298AA4E7006F4242 /* Sources */,
				28CA2434298AA4E7006F4242 /* Frameworks */,
				28CA2435298AA4E7006F4242 /* Resources */,
				924E7AB8FB223044210C2DC7 /* [CP] Embed Pods Frameworks */,
			);
			buildRules = (
			);
			dependencies = (
				28CA2439298AA4E7006F4242 /* PBXTargetDependency */,
			);
			name = INUWalletUITests;
			productName = INUWalletUITests;
			productReference = 28CA2437298AA4E7006F4242 /* INUWalletUITests.xctest */;
			productType = "com.apple.product-type.bundle.ui-testing";
		};
/* End PBXNativeTarget section */

/* Begin PBXProject section */
		28CA240F298AA4E6006F4242 /* Project object */ = {
			isa = PBXProject;
			attributes = {
				BuildIndependentTargetsInParallel = 1;
				LastSwiftUpdateCheck = 1420;
				LastUpgradeCheck = 1420;
				TargetAttributes = {
					28CA2416298AA4E6006F4242 = {
						CreatedOnToolsVersion = 14.2;
					};
					28CA242C298AA4E6006F4242 = {
						CreatedOnToolsVersion = 14.2;
						TestTargetID = 28CA2416298AA4E6006F4242;
					};
					28CA2436298AA4E7006F4242 = {
						CreatedOnToolsVersion = 14.2;
						TestTargetID = 28CA2416298AA4E6006F4242;
					};
				};
			};
			buildConfigurationList = 28CA2412298AA4E6006F4242 /* Build configuration list for PBXProject "INUWallet" */;
			compatibilityVersion = "Xcode 14.0";
			developmentRegion = en;
			hasScannedForEncodings = 0;
			knownRegions = (
				en,
				Base,
			);
			mainGroup = 28CA240E298AA4E6006F4242;
			packageReferences = (
				289CA56E29B0BBA20045E006 /* XCRemoteSwiftPackageReference "Web3" */,
				286B442A2A02D11A00036121 /* XCRemoteSwiftPackageReference "Swift-SMTP" */,
			);
			productRefGroup = 28CA2418298AA4E6006F4242 /* Products */;
			projectDirPath = "";
			projectRoot = "";
			targets = (
				28CA2416298AA4E6006F4242 /* INUWallet */,
				28CA242C298AA4E6006F4242 /* INUWalletTests */,
				28CA2436298AA4E7006F4242 /* INUWalletUITests */,
			);
		};
/* End PBXProject section */

/* Begin PBXResourcesBuildPhase section */
		28CA2415298AA4E6006F4242 /* Resources */ = {
			isa = PBXResourcesBuildPhase;
			buildActionMask = 2147483647;
			files = (
				28CA2427298AA4E6006F4242 /* LaunchScreen.storyboard in Resources */,
				2810A7CF29A8CE0600F5BCD1 /* GoogleService-Info.plist in Resources */,
				28F0EC7829C9C4CE005D29F1 /* NanumMyeongjoExtraBold.otf in Resources */,
				28F0EC7929C9C4CE005D29F1 /* NanumMyeongjo.otf in Resources */,
				28F0EC7A29C9C4CE005D29F1 /* NanumMyeongjoBold.otf in Resources */,
				28CA2424298AA4E6006F4242 /* Assets.xcassets in Resources */,
				28CA2422298AA4E6006F4242 /* Main.storyboard in Resources */,
			);
			runOnlyForDeploymentPostprocessing = 0;
		};
		28CA242B298AA4E6006F4242 /* Resources */ = {
			isa = PBXResourcesBuildPhase;
			buildActionMask = 2147483647;
			files = (
			);
			runOnlyForDeploymentPostprocessing = 0;
		};
		28CA2435298AA4E7006F4242 /* Resources */ = {
			isa = PBXResourcesBuildPhase;
			buildActionMask = 2147483647;
			files = (
			);
			runOnlyForDeploymentPostprocessing = 0;
		};
/* End PBXResourcesBuildPhase section */

/* Begin PBXShellScriptBuildPhase section */
		039548F84F91B284DBFA46D8 /* [CP] Embed Pods Frameworks */ = {
			isa = PBXShellScriptBuildPhase;
			buildActionMask = 2147483647;
			files = (
			);
			inputFileListPaths = (
				"${PODS_ROOT}/Target Support Files/Pods-INUWallet-INUWalletTests/Pods-INUWallet-INUWalletTests-frameworks-${CONFIGURATION}-input-files.xcfilelist",
			);
			name = "[CP] Embed Pods Frameworks";
			outputFileListPaths = (
				"${PODS_ROOT}/Target Support Files/Pods-INUWallet-INUWalletTests/Pods-INUWallet-INUWalletTests-frameworks-${CONFIGURATION}-output-files.xcfilelist",
			);
			runOnlyForDeploymentPostprocessing = 0;
			shellPath = /bin/sh;
			shellScript = "\"${PODS_ROOT}/Target Support Files/Pods-INUWallet-INUWalletTests/Pods-INUWallet-INUWalletTests-frameworks.sh\"\n";
			showEnvVarsInLog = 0;
		};
		09FC604F04139504F48A5FCB /* [CP] Embed Pods Frameworks */ = {
			isa = PBXShellScriptBuildPhase;
			buildActionMask = 2147483647;
			files = (
			);
			inputFileListPaths = (
				"${PODS_ROOT}/Target Support Files/Pods-INUWallet/Pods-INUWallet-frameworks-${CONFIGURATION}-input-files.xcfilelist",
			);
			name = "[CP] Embed Pods Frameworks";
			outputFileListPaths = (
				"${PODS_ROOT}/Target Support Files/Pods-INUWallet/Pods-INUWallet-frameworks-${CONFIGURATION}-output-files.xcfilelist",
			);
			runOnlyForDeploymentPostprocessing = 0;
			shellPath = /bin/sh;
			shellScript = "\"${PODS_ROOT}/Target Support Files/Pods-INUWallet/Pods-INUWallet-frameworks.sh\"\n";
			showEnvVarsInLog = 0;
		};
		37E0BB77919BC83BC4D6F1F8 /* [CP] Check Pods Manifest.lock */ = {
			isa = PBXShellScriptBuildPhase;
			buildActionMask = 2147483647;
			files = (
			);
			inputFileListPaths = (
			);
			inputPaths = (
				"${PODS_PODFILE_DIR_PATH}/Podfile.lock",
				"${PODS_ROOT}/Manifest.lock",
			);
			name = "[CP] Check Pods Manifest.lock";
			outputFileListPaths = (
			);
			outputPaths = (
				"$(DERIVED_FILE_DIR)/Pods-INUWallet-INUWalletTests-checkManifestLockResult.txt",
			);
			runOnlyForDeploymentPostprocessing = 0;
			shellPath = /bin/sh;
			shellScript = "diff \"${PODS_PODFILE_DIR_PATH}/Podfile.lock\" \"${PODS_ROOT}/Manifest.lock\" > /dev/null\nif [ $? != 0 ] ; then\n    # print error to STDERR\n    echo \"error: The sandbox is not in sync with the Podfile.lock. Run 'pod install' or update your CocoaPods installation.\" >&2\n    exit 1\nfi\n# This output is used by Xcode 'outputs' to avoid re-running this script phase.\necho \"SUCCESS\" > \"${SCRIPT_OUTPUT_FILE_0}\"\n";
			showEnvVarsInLog = 0;
		};
		924E7AB8FB223044210C2DC7 /* [CP] Embed Pods Frameworks */ = {
			isa = PBXShellScriptBuildPhase;
			buildActionMask = 2147483647;
			files = (
			);
			inputFileListPaths = (
				"${PODS_ROOT}/Target Support Files/Pods-INUWallet-INUWalletUITests/Pods-INUWallet-INUWalletUITests-frameworks-${CONFIGURATION}-input-files.xcfilelist",
			);
			name = "[CP] Embed Pods Frameworks";
			outputFileListPaths = (
				"${PODS_ROOT}/Target Support Files/Pods-INUWallet-INUWalletUITests/Pods-INUWallet-INUWalletUITests-frameworks-${CONFIGURATION}-output-files.xcfilelist",
			);
			runOnlyForDeploymentPostprocessing = 0;
			shellPath = /bin/sh;
			shellScript = "\"${PODS_ROOT}/Target Support Files/Pods-INUWallet-INUWalletUITests/Pods-INUWallet-INUWalletUITests-frameworks.sh\"\n";
			showEnvVarsInLog = 0;
		};
		BD6C03BD1E8B05DB2D72B157 /* [CP] Check Pods Manifest.lock */ = {
			isa = PBXShellScriptBuildPhase;
			buildActionMask = 2147483647;
			files = (
			);
			inputFileListPaths = (
			);
			inputPaths = (
				"${PODS_PODFILE_DIR_PATH}/Podfile.lock",
				"${PODS_ROOT}/Manifest.lock",
			);
			name = "[CP] Check Pods Manifest.lock";
			outputFileListPaths = (
			);
			outputPaths = (
				"$(DERIVED_FILE_DIR)/Pods-INUWallet-INUWalletUITests-checkManifestLockResult.txt",
			);
			runOnlyForDeploymentPostprocessing = 0;
			shellPath = /bin/sh;
			shellScript = "diff \"${PODS_PODFILE_DIR_PATH}/Podfile.lock\" \"${PODS_ROOT}/Manifest.lock\" > /dev/null\nif [ $? != 0 ] ; then\n    # print error to STDERR\n    echo \"error: The sandbox is not in sync with the Podfile.lock. Run 'pod install' or update your CocoaPods installation.\" >&2\n    exit 1\nfi\n# This output is used by Xcode 'outputs' to avoid re-running this script phase.\necho \"SUCCESS\" > \"${SCRIPT_OUTPUT_FILE_0}\"\n";
			showEnvVarsInLog = 0;
		};
		FBF65B0019854E0053477C4E /* [CP] Check Pods Manifest.lock */ = {
			isa = PBXShellScriptBuildPhase;
			buildActionMask = 2147483647;
			files = (
			);
			inputFileListPaths = (
			);
			inputPaths = (
				"${PODS_PODFILE_DIR_PATH}/Podfile.lock",
				"${PODS_ROOT}/Manifest.lock",
			);
			name = "[CP] Check Pods Manifest.lock";
			outputFileListPaths = (
			);
			outputPaths = (
				"$(DERIVED_FILE_DIR)/Pods-INUWallet-checkManifestLockResult.txt",
			);
			runOnlyForDeploymentPostprocessing = 0;
			shellPath = /bin/sh;
			shellScript = "diff \"${PODS_PODFILE_DIR_PATH}/Podfile.lock\" \"${PODS_ROOT}/Manifest.lock\" > /dev/null\nif [ $? != 0 ] ; then\n    # print error to STDERR\n    echo \"error: The sandbox is not in sync with the Podfile.lock. Run 'pod install' or update your CocoaPods installation.\" >&2\n    exit 1\nfi\n# This output is used by Xcode 'outputs' to avoid re-running this script phase.\necho \"SUCCESS\" > \"${SCRIPT_OUTPUT_FILE_0}\"\n";
			showEnvVarsInLog = 0;
		};
/* End PBXShellScriptBuildPhase section */

/* Begin PBXSourcesBuildPhase section */
		28CA2413298AA4E6006F4242 /* Sources */ = {
			isa = PBXSourcesBuildPhase;
			buildActionMask = 2147483647;
			files = (
				2810A7D329A8D2F800F5BCD1 /* DatabaseManager.swift in Sources */,
				28672F3629B634B1008D5732 /* TxResultViewController.swift in Sources */,
				28CA2459298BBBCB006F4242 /* MoreViewController.swift in Sources */,
				284F13FB29C467AF004D6410 /* RegisteUserInfoViewController.swift in Sources */,
				289B9EBD29D5DF1100683FAF /* DepartmentsData.swift in Sources */,
				28CA2457298BBBBD006F4242 /* NFTViewController.swift in Sources */,
				286B44292A02CD9A00036121 /* EmailAuthenticaionViewController.swift in Sources */,
				2810A7D729A8D7AA00F5BCD1 /* StorageManager.swift in Sources */,
				284F13FD29C5F4A6004D6410 /* Diploma.swift in Sources */,
				28CA241B298AA4E6006F4242 /* AppDelegate.swift in Sources */,
				28CA246C298BC419006F4242 /* SendTokenViewController.swift in Sources */,
				28CA241D298AA4E6006F4242 /* SceneDelegate.swift in Sources */,
				28CA2464298BC390006F4242 /* AuthenticationViewController.swift in Sources */,
				2810A7D529A8D76300F5BCD1 /* AuthManager.swift in Sources */,
				28CA2461298BBD20006F4242 /* LoginViewController.swift in Sources */,
				284F13F029C166F0004D6410 /* SendINUTokenViewController.swift in Sources */,
				28F0EC7329C87330005D29F1 /* MintDiplomaViewController.swift in Sources */,
				289B9EB729D176E400683FAF /* DiplomaTxViewController.swift in Sources */,
				28CA246E298BC422006F4242 /* NFTSendViewController.swift in Sources */,
				28D3547829E542AB00076447 /* NFTModel.swift in Sources */,
				28CA2453298BBBA5006F4242 /* HomeViewController.swift in Sources */,
				2810A7D129A8D12E00F5BCD1 /* RegistrationViewController.swift in Sources */,
				286B442729FCF56100036121 /* NFTDetailViewController.swift in Sources */,
				2810A81D29AA56A400F5BCD1 /* Extension.swift in Sources */,
				289B9EBB29D3C60A00683FAF /* Polygon.swift in Sources */,
				289B9EB929D1DE9800683FAF /* MetadataModel.swift in Sources */,
				280435E529AC7DEB009F090E /* CreateWalletViewController.swift in Sources */,
				28CA2466298BC39B006F4242 /* NFTInfoViewController.swift in Sources */,
				28F3100829ED946100844F00 /* UserModel.swift in Sources */,
				28CA246A298BC3DB006F4242 /* TokenInfoViewController.swift in Sources */,
				286B44302A02D85900036121 /* EmailSender.swift in Sources */,
				28CA245B298BBC02006F4242 /* WalletViewController.swift in Sources */,
				28CA245D298BBC56006F4242 /* Models.swift in Sources */,
				28CA2468298BC3BB006F4242 /* WalletInfoViewController.swift in Sources */,
				28D3547A29E5899A00076447 /* TabBarViewController.swift in Sources */,
			);
			runOnlyForDeploymentPostprocessing = 0;
		};
		28CA2429298AA4E6006F4242 /* Sources */ = {
			isa = PBXSourcesBuildPhase;
			buildActionMask = 2147483647;
			files = (
				28CA2432298AA4E6006F4242 /* INUWalletTests.swift in Sources */,
			);
			runOnlyForDeploymentPostprocessing = 0;
		};
		28CA2433298AA4E7006F4242 /* Sources */ = {
			isa = PBXSourcesBuildPhase;
			buildActionMask = 2147483647;
			files = (
				28CA243E298AA4E7006F4242 /* INUWalletUITestsLaunchTests.swift in Sources */,
				28CA243C298AA4E7006F4242 /* INUWalletUITests.swift in Sources */,
			);
			runOnlyForDeploymentPostprocessing = 0;
		};
/* End PBXSourcesBuildPhase section */

/* Begin PBXTargetDependency section */
		28CA242F298AA4E6006F4242 /* PBXTargetDependency */ = {
			isa = PBXTargetDependency;
			target = 28CA2416298AA4E6006F4242 /* INUWallet */;
			targetProxy = 28CA242E298AA4E6006F4242 /* PBXContainerItemProxy */;
		};
		28CA2439298AA4E7006F4242 /* PBXTargetDependency */ = {
			isa = PBXTargetDependency;
			target = 28CA2416298AA4E6006F4242 /* INUWallet */;
			targetProxy = 28CA2438298AA4E7006F4242 /* PBXContainerItemProxy */;
		};
/* End PBXTargetDependency section */

/* Begin PBXVariantGroup section */
		28CA2420298AA4E6006F4242 /* Main.storyboard */ = {
			isa = PBXVariantGroup;
			children = (
				28CA2421298AA4E6006F4242 /* Base */,
			);
			name = Main.storyboard;
			sourceTree = "<group>";
		};
		28CA2425298AA4E6006F4242 /* LaunchScreen.storyboard */ = {
			isa = PBXVariantGroup;
			children = (
				28CA2426298AA4E6006F4242 /* Base */,
			);
			name = LaunchScreen.storyboard;
			sourceTree = "<group>";
		};
/* End PBXVariantGroup section */

/* Begin XCBuildConfiguration section */
		28CA243F298AA4E7006F4242 /* Debug */ = {
			isa = XCBuildConfiguration;
			buildSettings = {
				ALWAYS_SEARCH_USER_PATHS = NO;
				CLANG_ANALYZER_NONNULL = YES;
				CLANG_ANALYZER_NUMBER_OBJECT_CONVERSION = YES_AGGRESSIVE;
				CLANG_CXX_LANGUAGE_STANDARD = "gnu++20";
				CLANG_ENABLE_MODULES = YES;
				CLANG_ENABLE_OBJC_ARC = YES;
				CLANG_ENABLE_OBJC_WEAK = YES;
				CLANG_WARN_BLOCK_CAPTURE_AUTORELEASING = YES;
				CLANG_WARN_BOOL_CONVERSION = YES;
				CLANG_WARN_COMMA = YES;
				CLANG_WARN_CONSTANT_CONVERSION = YES;
				CLANG_WARN_DEPRECATED_OBJC_IMPLEMENTATIONS = YES;
				CLANG_WARN_DIRECT_OBJC_ISA_USAGE = YES_ERROR;
				CLANG_WARN_DOCUMENTATION_COMMENTS = YES;
				CLANG_WARN_EMPTY_BODY = YES;
				CLANG_WARN_ENUM_CONVERSION = YES;
				CLANG_WARN_INFINITE_RECURSION = YES;
				CLANG_WARN_INT_CONVERSION = YES;
				CLANG_WARN_NON_LITERAL_NULL_CONVERSION = YES;
				CLANG_WARN_OBJC_IMPLICIT_RETAIN_SELF = YES;
				CLANG_WARN_OBJC_LITERAL_CONVERSION = YES;
				CLANG_WARN_OBJC_ROOT_CLASS = YES_ERROR;
				CLANG_WARN_QUOTED_INCLUDE_IN_FRAMEWORK_HEADER = YES;
				CLANG_WARN_RANGE_LOOP_ANALYSIS = YES;
				CLANG_WARN_STRICT_PROTOTYPES = YES;
				CLANG_WARN_SUSPICIOUS_MOVE = YES;
				CLANG_WARN_UNGUARDED_AVAILABILITY = YES_AGGRESSIVE;
				CLANG_WARN_UNREACHABLE_CODE = YES;
				CLANG_WARN__DUPLICATE_METHOD_MATCH = YES;
				COPY_PHASE_STRIP = NO;
				DEBUG_INFORMATION_FORMAT = dwarf;
				ENABLE_STRICT_OBJC_MSGSEND = YES;
				ENABLE_TESTABILITY = YES;
				GCC_C_LANGUAGE_STANDARD = gnu11;
				GCC_DYNAMIC_NO_PIC = NO;
				GCC_NO_COMMON_BLOCKS = YES;
				GCC_OPTIMIZATION_LEVEL = 0;
				GCC_PREPROCESSOR_DEFINITIONS = (
					"DEBUG=1",
					"$(inherited)",
				);
				GCC_WARN_64_TO_32_BIT_CONVERSION = YES;
				GCC_WARN_ABOUT_RETURN_TYPE = YES_ERROR;
				GCC_WARN_UNDECLARED_SELECTOR = YES;
				GCC_WARN_UNINITIALIZED_AUTOS = YES_AGGRESSIVE;
				GCC_WARN_UNUSED_FUNCTION = YES;
				GCC_WARN_UNUSED_VARIABLE = YES;
				IPHONEOS_DEPLOYMENT_TARGET = 14.1;
				MTL_ENABLE_DEBUG_INFO = INCLUDE_SOURCE;
				MTL_FAST_MATH = YES;
				ONLY_ACTIVE_ARCH = YES;
				SDKROOT = iphoneos;
				SWIFT_ACTIVE_COMPILATION_CONDITIONS = DEBUG;
				SWIFT_OPTIMIZATION_LEVEL = "-Onone";
			};
			name = Debug;
		};
		28CA2440298AA4E7006F4242 /* Release */ = {
			isa = XCBuildConfiguration;
			buildSettings = {
				ALWAYS_SEARCH_USER_PATHS = NO;
				CLANG_ANALYZER_NONNULL = YES;
				CLANG_ANALYZER_NUMBER_OBJECT_CONVERSION = YES_AGGRESSIVE;
				CLANG_CXX_LANGUAGE_STANDARD = "gnu++20";
				CLANG_ENABLE_MODULES = YES;
				CLANG_ENABLE_OBJC_ARC = YES;
				CLANG_ENABLE_OBJC_WEAK = YES;
				CLANG_WARN_BLOCK_CAPTURE_AUTORELEASING = YES;
				CLANG_WARN_BOOL_CONVERSION = YES;
				CLANG_WARN_COMMA = YES;
				CLANG_WARN_CONSTANT_CONVERSION = YES;
				CLANG_WARN_DEPRECATED_OBJC_IMPLEMENTATIONS = YES;
				CLANG_WARN_DIRECT_OBJC_ISA_USAGE = YES_ERROR;
				CLANG_WARN_DOCUMENTATION_COMMENTS = YES;
				CLANG_WARN_EMPTY_BODY = YES;
				CLANG_WARN_ENUM_CONVERSION = YES;
				CLANG_WARN_INFINITE_RECURSION = YES;
				CLANG_WARN_INT_CONVERSION = YES;
				CLANG_WARN_NON_LITERAL_NULL_CONVERSION = YES;
				CLANG_WARN_OBJC_IMPLICIT_RETAIN_SELF = YES;
				CLANG_WARN_OBJC_LITERAL_CONVERSION = YES;
				CLANG_WARN_OBJC_ROOT_CLASS = YES_ERROR;
				CLANG_WARN_QUOTED_INCLUDE_IN_FRAMEWORK_HEADER = YES;
				CLANG_WARN_RANGE_LOOP_ANALYSIS = YES;
				CLANG_WARN_STRICT_PROTOTYPES = YES;
				CLANG_WARN_SUSPICIOUS_MOVE = YES;
				CLANG_WARN_UNGUARDED_AVAILABILITY = YES_AGGRESSIVE;
				CLANG_WARN_UNREACHABLE_CODE = YES;
				CLANG_WARN__DUPLICATE_METHOD_MATCH = YES;
				COPY_PHASE_STRIP = NO;
				DEBUG_INFORMATION_FORMAT = "dwarf-with-dsym";
				ENABLE_NS_ASSERTIONS = NO;
				ENABLE_STRICT_OBJC_MSGSEND = YES;
				GCC_C_LANGUAGE_STANDARD = gnu11;
				GCC_NO_COMMON_BLOCKS = YES;
				GCC_WARN_64_TO_32_BIT_CONVERSION = YES;
				GCC_WARN_ABOUT_RETURN_TYPE = YES_ERROR;
				GCC_WARN_UNDECLARED_SELECTOR = YES;
				GCC_WARN_UNINITIALIZED_AUTOS = YES_AGGRESSIVE;
				GCC_WARN_UNUSED_FUNCTION = YES;
				GCC_WARN_UNUSED_VARIABLE = YES;
				IPHONEOS_DEPLOYMENT_TARGET = 14.1;
				MTL_ENABLE_DEBUG_INFO = NO;
				MTL_FAST_MATH = YES;
				SDKROOT = iphoneos;
				SWIFT_COMPILATION_MODE = wholemodule;
				SWIFT_OPTIMIZATION_LEVEL = "-O";
				VALIDATE_PRODUCT = YES;
			};
			name = Release;
		};
		28CA2442298AA4E7006F4242 /* Debug */ = {
			isa = XCBuildConfiguration;
			baseConfigurationReference = B14DDF7954DCF0C2C056B7A6 /* Pods-INUWallet.debug.xcconfig */;
			buildSettings = {
				ASSETCATALOG_COMPILER_APPICON_NAME = AppIcon;
				ASSETCATALOG_COMPILER_GLOBAL_ACCENT_COLOR_NAME = AccentColor;
				CODE_SIGN_STYLE = Automatic;
				CURRENT_PROJECT_VERSION = 1;
				DEVELOPMENT_TEAM = ZF4387CB99;
				GENERATE_INFOPLIST_FILE = YES;
				INFOPLIST_FILE = INUWallet/Info.plist;
				INFOPLIST_KEY_UIApplicationSupportsIndirectInputEvents = YES;
				INFOPLIST_KEY_UILaunchStoryboardName = LaunchScreen;
				INFOPLIST_KEY_UIMainStoryboardFile = Main;
				INFOPLIST_KEY_UISupportedInterfaceOrientations_iPad = "UIInterfaceOrientationPortrait UIInterfaceOrientationPortraitUpsideDown UIInterfaceOrientationLandscapeLeft UIInterfaceOrientationLandscapeRight";
				INFOPLIST_KEY_UISupportedInterfaceOrientations_iPhone = "UIInterfaceOrientationPortrait UIInterfaceOrientationLandscapeLeft UIInterfaceOrientationLandscapeRight";
				IPHONEOS_DEPLOYMENT_TARGET = 15.0;
				LD_RUNPATH_SEARCH_PATHS = (
					"$(inherited)",
					"@executable_path/Frameworks",
				);
				MARKETING_VERSION = 1.0;
				PRODUCT_BUNDLE_IDENTIFIER = GrayChoi.INUWallet;
				PRODUCT_NAME = "$(TARGET_NAME)";
				SWIFT_EMIT_LOC_STRINGS = YES;
				SWIFT_VERSION = 5.0;
				TARGETED_DEVICE_FAMILY = "1,2";
			};
			name = Debug;
		};
		28CA2443298AA4E7006F4242 /* Release */ = {
			isa = XCBuildConfiguration;
			baseConfigurationReference = B38FEAAFFF22DB07AF426533 /* Pods-INUWallet.release.xcconfig */;
			buildSettings = {
				ASSETCATALOG_COMPILER_APPICON_NAME = AppIcon;
				ASSETCATALOG_COMPILER_GLOBAL_ACCENT_COLOR_NAME = AccentColor;
				CODE_SIGN_STYLE = Automatic;
				CURRENT_PROJECT_VERSION = 1;
				DEVELOPMENT_TEAM = ZF4387CB99;
				GENERATE_INFOPLIST_FILE = YES;
				INFOPLIST_FILE = INUWallet/Info.plist;
				INFOPLIST_KEY_UIApplicationSupportsIndirectInputEvents = YES;
				INFOPLIST_KEY_UILaunchStoryboardName = LaunchScreen;
				INFOPLIST_KEY_UIMainStoryboardFile = Main;
				INFOPLIST_KEY_UISupportedInterfaceOrientations_iPad = "UIInterfaceOrientationPortrait UIInterfaceOrientationPortraitUpsideDown UIInterfaceOrientationLandscapeLeft UIInterfaceOrientationLandscapeRight";
				INFOPLIST_KEY_UISupportedInterfaceOrientations_iPhone = "UIInterfaceOrientationPortrait UIInterfaceOrientationLandscapeLeft UIInterfaceOrientationLandscapeRight";
				IPHONEOS_DEPLOYMENT_TARGET = 15.0;
				LD_RUNPATH_SEARCH_PATHS = (
					"$(inherited)",
					"@executable_path/Frameworks",
				);
				MARKETING_VERSION = 1.0;
				PRODUCT_BUNDLE_IDENTIFIER = GrayChoi.INUWallet;
				PRODUCT_NAME = "$(TARGET_NAME)";
				SWIFT_EMIT_LOC_STRINGS = YES;
				SWIFT_VERSION = 5.0;
				TARGETED_DEVICE_FAMILY = "1,2";
			};
			name = Release;
		};
		28CA2445298AA4E7006F4242 /* Debug */ = {
			isa = XCBuildConfiguration;
			baseConfigurationReference = CA3F6040A7A6D17F15208881 /* Pods-INUWallet-INUWalletTests.debug.xcconfig */;
			buildSettings = {
				ALWAYS_EMBED_SWIFT_STANDARD_LIBRARIES = YES;
				BUNDLE_LOADER = "$(TEST_HOST)";
				CODE_SIGN_STYLE = Automatic;
				CURRENT_PROJECT_VERSION = 1;
				DEVELOPMENT_TEAM = ZF4387CB99;
				GENERATE_INFOPLIST_FILE = YES;
				IPHONEOS_DEPLOYMENT_TARGET = 16.2;
				MARKETING_VERSION = 1.0;
				PRODUCT_BUNDLE_IDENTIFIER = GrayChoi.INUWalletTests;
				PRODUCT_NAME = "$(TARGET_NAME)";
				SWIFT_EMIT_LOC_STRINGS = NO;
				SWIFT_VERSION = 5.0;
				TARGETED_DEVICE_FAMILY = "1,2";
				TEST_HOST = "$(BUILT_PRODUCTS_DIR)/INUWallet.app/$(BUNDLE_EXECUTABLE_FOLDER_PATH)/INUWallet";
			};
			name = Debug;
		};
		28CA2446298AA4E7006F4242 /* Release */ = {
			isa = XCBuildConfiguration;
			baseConfigurationReference = 1A8AE4D1B6FC37AE819215CC /* Pods-INUWallet-INUWalletTests.release.xcconfig */;
			buildSettings = {
				ALWAYS_EMBED_SWIFT_STANDARD_LIBRARIES = YES;
				BUNDLE_LOADER = "$(TEST_HOST)";
				CODE_SIGN_STYLE = Automatic;
				CURRENT_PROJECT_VERSION = 1;
				DEVELOPMENT_TEAM = ZF4387CB99;
				GENERATE_INFOPLIST_FILE = YES;
				IPHONEOS_DEPLOYMENT_TARGET = 16.2;
				MARKETING_VERSION = 1.0;
				PRODUCT_BUNDLE_IDENTIFIER = GrayChoi.INUWalletTests;
				PRODUCT_NAME = "$(TARGET_NAME)";
				SWIFT_EMIT_LOC_STRINGS = NO;
				SWIFT_VERSION = 5.0;
				TARGETED_DEVICE_FAMILY = "1,2";
				TEST_HOST = "$(BUILT_PRODUCTS_DIR)/INUWallet.app/$(BUNDLE_EXECUTABLE_FOLDER_PATH)/INUWallet";
			};
			name = Release;
		};
		28CA2448298AA4E7006F4242 /* Debug */ = {
			isa = XCBuildConfiguration;
			baseConfigurationReference = 70FC0E0971C0CEBBA9652491 /* Pods-INUWallet-INUWalletUITests.debug.xcconfig */;
			buildSettings = {
				ALWAYS_EMBED_SWIFT_STANDARD_LIBRARIES = YES;
				CODE_SIGN_STYLE = Automatic;
				CURRENT_PROJECT_VERSION = 1;
				DEVELOPMENT_TEAM = ZF4387CB99;
				GENERATE_INFOPLIST_FILE = YES;
				MARKETING_VERSION = 1.0;
				PRODUCT_BUNDLE_IDENTIFIER = GrayChoi.INUWalletUITests;
				PRODUCT_NAME = "$(TARGET_NAME)";
				SWIFT_EMIT_LOC_STRINGS = NO;
				SWIFT_VERSION = 5.0;
				TARGETED_DEVICE_FAMILY = "1,2";
				TEST_TARGET_NAME = INUWallet;
			};
			name = Debug;
		};
		28CA2449298AA4E7006F4242 /* Release */ = {
			isa = XCBuildConfiguration;
			baseConfigurationReference = 729085B23E0291383C3D7609 /* Pods-INUWallet-INUWalletUITests.release.xcconfig */;
			buildSettings = {
				ALWAYS_EMBED_SWIFT_STANDARD_LIBRARIES = YES;
				CODE_SIGN_STYLE = Automatic;
				CURRENT_PROJECT_VERSION = 1;
				DEVELOPMENT_TEAM = ZF4387CB99;
				GENERATE_INFOPLIST_FILE = YES;
				MARKETING_VERSION = 1.0;
				PRODUCT_BUNDLE_IDENTIFIER = GrayChoi.INUWalletUITests;
				PRODUCT_NAME = "$(TARGET_NAME)";
				SWIFT_EMIT_LOC_STRINGS = NO;
				SWIFT_VERSION = 5.0;
				TARGETED_DEVICE_FAMILY = "1,2";
				TEST_TARGET_NAME = INUWallet;
			};
			name = Release;
		};
/* End XCBuildConfiguration section */

/* Begin XCConfigurationList section */
		28CA2412298AA4E6006F4242 /* Build configuration list for PBXProject "INUWallet" */ = {
			isa = XCConfigurationList;
			buildConfigurations = (
				28CA243F298AA4E7006F4242 /* Debug */,
				28CA2440298AA4E7006F4242 /* Release */,
			);
			defaultConfigurationIsVisible = 0;
			defaultConfigurationName = Release;
		};
		28CA2441298AA4E7006F4242 /* Build configuration list for PBXNativeTarget "INUWallet" */ = {
			isa = XCConfigurationList;
			buildConfigurations = (
				28CA2442298AA4E7006F4242 /* Debug */,
				28CA2443298AA4E7006F4242 /* Release */,
			);
			defaultConfigurationIsVisible = 0;
			defaultConfigurationName = Release;
		};
		28CA2444298AA4E7006F4242 /* Build configuration list for PBXNativeTarget "INUWalletTests" */ = {
			isa = XCConfigurationList;
			buildConfigurations = (
				28CA2445298AA4E7006F4242 /* Debug */,
				28CA2446298AA4E7006F4242 /* Release */,
			);
			defaultConfigurationIsVisible = 0;
			defaultConfigurationName = Release;
		};
		28CA2447298AA4E7006F4242 /* Build configuration list for PBXNativeTarget "INUWalletUITests" */ = {
			isa = XCConfigurationList;
			buildConfigurations = (
				28CA2448298AA4E7006F4242 /* Debug */,
				28CA2449298AA4E7006F4242 /* Release */,
			);
			defaultConfigurationIsVisible = 0;
			defaultConfigurationName = Release;
		};
/* End XCConfigurationList section */

/* Begin XCRemoteSwiftPackageReference section */
		286B442A2A02D11A00036121 /* XCRemoteSwiftPackageReference "Swift-SMTP" */ = {
			isa = XCRemoteSwiftPackageReference;
			repositoryURL = "https://github.com/IBM-Swift/Swift-SMTP";
			requirement = {
				kind = upToNextMajorVersion;
				minimumVersion = 6.0.0;
			};
		};
		289CA56E29B0BBA20045E006 /* XCRemoteSwiftPackageReference "Web3" */ = {
			isa = XCRemoteSwiftPackageReference;
			repositoryURL = "https://github.com/Boilertalk/Web3.swift";
			requirement = {
				branch = master;
				kind = branch;
			};
		};
/* End XCRemoteSwiftPackageReference section */

/* Begin XCSwiftPackageProductDependency section */
		286B442B2A02D11A00036121 /* SwiftSMTP */ = {
			isa = XCSwiftPackageProductDependency;
			package = 286B442A2A02D11A00036121 /* XCRemoteSwiftPackageReference "Swift-SMTP" */;
			productName = SwiftSMTP;
		};
		289CA56F29B0BBA20045E006 /* Web3 */ = {
			isa = XCSwiftPackageProductDependency;
			package = 289CA56E29B0BBA20045E006 /* XCRemoteSwiftPackageReference "Web3" */;
			productName = Web3;
		};
		289CA57129B0BBA20045E006 /* Web3ContractABI */ = {
			isa = XCSwiftPackageProductDependency;
			package = 289CA56E29B0BBA20045E006 /* XCRemoteSwiftPackageReference "Web3" */;
			productName = Web3ContractABI;
		};
		289CA57329B0BBA20045E006 /* Web3PromiseKit */ = {
			isa = XCSwiftPackageProductDependency;
			package = 289CA56E29B0BBA20045E006 /* XCRemoteSwiftPackageReference "Web3" */;
			productName = Web3PromiseKit;
		};
/* End XCSwiftPackageProductDependency section */
	};
	rootObject = 28CA240F298AA4E6006F4242 /* Project object */;
}
